
Microsoft Visual Studio Solution File, Format Version 12.00
# Visual Studio Version 16
VisualStudioVersion = 16.0.29102.190
MinimumVisualStudioVersion = 10.0.40219.1
Project("{9A19103F-16F7-4668-BE54-9A1E7A4F7556}") = "Jmo.Common", "Jmo.Common\Jmo.Common.csproj", "{B46B93AC-EA6D-4AFB-8E4B-BB63F44CDA36}"
EndProject
Project("{9A19103F-16F7-4668-BE54-9A1E7A4F7556}") = "Jmo.Web", "Jmo.web\Jmo.Web.csproj", "{33FACB4E-535F-47C4-A020-90ABE198FCB3}"
EndProject
Project("{9A19103F-16F7-4668-BE54-9A1E7A4F7556}") = "Jmo.XfApp", "Jmo.XfApp\Jmo.XfApp\Jmo.XfApp.csproj", "{387A786C-091E-4C60-9791-A2AA7A4A9A23}"
EndProject
Project("{FAE04EC0-301F-11D3-BF4B-00C04F79EFBC}") = "Jmo.XfApp.Android", "Jmo.XfApp\Jmo.XfApp.Android\Jmo.XfApp.Android.csproj", "{6192DEEB-1923-4245-8E87-21FADF362B74}"
EndProject
Project("{FAE04EC0-301F-11D3-BF4B-00C04F79EFBC}") = "Jmo.XfApp.iOS", "Jmo.XfApp\Jmo.XfApp.iOS\Jmo.XfApp.iOS.csproj", "{C15AC110-7023-4885-A6EC-0674E5E7B6EA}"
EndProject
Project("{FAE04EC0-301F-11D3-BF4B-00C04F79EFBC}") = "Jmo.Cross.Android", "Jmo.Cross.Android\Jmo.Cross.Android.csproj", "{7C158805-3320-471F-B66F-DB8789E0897B}"
EndProject
Project("{FAE04EC0-301F-11D3-BF4B-00C04F79EFBC}") = "Jmo.Cross.iOS", "Jmo.Cross.iOS\Jmo.Cross.iOS.csproj", "{CF1267DA-9417-4807-94D9-A1CDE164ECED}"
EndProject
Project("{FAE04EC0-301F-11D3-BF4B-00C04F79EFBC}") = "Jmo.Infraestructure", "Jmo.Infraestructure\Jmo.Infraestructure.csproj", "{A56ADCAF-C588-470A-A3BD-E23765F01210}"
EndProject
Project("{FAE04EC0-301F-11D3-BF4B-00C04F79EFBC}") = "Jmo.Domain", "Jmo.Domain\Jmo.Domain.csproj", "{2C936074-117F-403F-A8D7-A3EF24B1C227}"
EndProject
Global
	GlobalSection(SolutionConfigurationPlatforms) = preSolution
		Ad-Hoc|Any CPU = Ad-Hoc|Any CPU
		Ad-Hoc|iPhone = Ad-Hoc|iPhone
		Ad-Hoc|iPhoneSimulator = Ad-Hoc|iPhoneSimulator
		AppStore|Any CPU = AppStore|Any CPU
		AppStore|iPhone = AppStore|iPhone
		AppStore|iPhoneSimulator = AppStore|iPhoneSimulator
		Debug|Any CPU = Debug|Any CPU
		Debug|iPhone = Debug|iPhone
		Debug|iPhoneSimulator = Debug|iPhoneSimulator
		Release|Any CPU = Release|Any CPU
		Release|iPhone = Release|iPhone
		Release|iPhoneSimulator = Release|iPhoneSimulator
	EndGlobalSection
	GlobalSection(ProjectConfigurationPlatforms) = postSolution
		{B46B93AC-EA6D-4AFB-8E4B-BB63F44CDA36}.Ad-Hoc|Any CPU.ActiveCfg = Release|Any CPU
		{B46B93AC-EA6D-4AFB-8E4B-BB63F44CDA36}.Ad-Hoc|Any CPU.Build.0 = Release|Any CPU
		{B46B93AC-EA6D-4AFB-8E4B-BB63F44CDA36}.Ad-Hoc|iPhone.ActiveCfg = Release|Any CPU
		{B46B93AC-EA6D-4AFB-8E4B-BB63F44CDA36}.Ad-Hoc|iPhone.Build.0 = Release|Any CPU
		{B46B93AC-EA6D-4AFB-8E4B-BB63F44CDA36}.Ad-Hoc|iPhoneSimulator.ActiveCfg = Release|Any CPU
		{B46B93AC-EA6D-4AFB-8E4B-BB63F44CDA36}.Ad-Hoc|iPhoneSimulator.Build.0 = Release|Any CPU
		{B46B93AC-EA6D-4AFB-8E4B-BB63F44CDA36}.AppStore|Any CPU.ActiveCfg = Release|Any CPU
		{B46B93AC-EA6D-4AFB-8E4B-BB63F44CDA36}.AppStore|Any CPU.Build.0 = Release|Any CPU
		{B46B93AC-EA6D-4AFB-8E4B-BB63F44CDA36}.AppStore|iPhone.ActiveCfg = Release|Any CPU
		{B46B93AC-EA6D-4AFB-8E4B-BB63F44CDA36}.AppStore|iPhone.Build.0 = Release|Any CPU
		{B46B93AC-EA6D-4AFB-8E4B-BB63F44CDA36}.AppStore|iPhoneSimulator.ActiveCfg = Release|Any CPU
		{B46B93AC-EA6D-4AFB-8E4B-BB63F44CDA36}.AppStore|iPhoneSimulator.Build.0 = Release|Any CPU
		{B46B93AC-EA6D-4AFB-8E4B-BB63F44CDA36}.Debug|Any CPU.ActiveCfg = Debug|Any CPU
		{B46B93AC-EA6D-4AFB-8E4B-BB63F44CDA36}.Debug|Any CPU.Build.0 = Debug|Any CPU
		{B46B93AC-EA6D-4AFB-8E4B-BB63F44CDA36}.Debug|iPhone.ActiveCfg = Debug|Any CPU
		{B46B93AC-EA6D-4AFB-8E4B-BB63F44CDA36}.Debug|iPhone.Build.0 = Debug|Any CPU
		{B46B93AC-EA6D-4AFB-8E4B-BB63F44CDA36}.Debug|iPhoneSimulator.ActiveCfg = Debug|Any CPU
		{B46B93AC-EA6D-4AFB-8E4B-BB63F44CDA36}.Debug|iPhoneSimulator.Build.0 = Debug|Any CPU
		{B46B93AC-EA6D-4AFB-8E4B-BB63F44CDA36}.Release|Any CPU.ActiveCfg = Release|Any CPU
		{B46B93AC-EA6D-4AFB-8E4B-BB63F44CDA36}.Release|Any CPU.Build.0 = Release|Any CPU
		{B46B93AC-EA6D-4AFB-8E4B-BB63F44CDA36}.Release|iPhone.ActiveCfg = Release|Any CPU
		{B46B93AC-EA6D-4AFB-8E4B-BB63F44CDA36}.Release|iPhone.Build.0 = Release|Any CPU
		{B46B93AC-EA6D-4AFB-8E4B-BB63F44CDA36}.Release|iPhoneSimulator.ActiveCfg = Release|Any CPU
		{B46B93AC-EA6D-4AFB-8E4B-BB63F44CDA36}.Release|iPhoneSimulator.Build.0 = Release|Any CPU
		{33FACB4E-535F-47C4-A020-90ABE198FCB3}.Ad-Hoc|Any CPU.ActiveCfg = Release|Any CPU
		{33FACB4E-535F-47C4-A020-90ABE198FCB3}.Ad-Hoc|Any CPU.Build.0 = Release|Any CPU
		{33FACB4E-535F-47C4-A020-90ABE198FCB3}.Ad-Hoc|iPhone.ActiveCfg = Release|Any CPU
		{33FACB4E-535F-47C4-A020-90ABE198FCB3}.Ad-Hoc|iPhone.Build.0 = Release|Any CPU
		{33FACB4E-535F-47C4-A020-90ABE198FCB3}.Ad-Hoc|iPhoneSimulator.ActiveCfg = Release|Any CPU
		{33FACB4E-535F-47C4-A020-90ABE198FCB3}.Ad-Hoc|iPhoneSimulator.Build.0 = Release|Any CPU
		{33FACB4E-535F-47C4-A020-90ABE198FCB3}.AppStore|Any CPU.ActiveCfg = Release|Any CPU
		{33FACB4E-535F-47C4-A020-90ABE198FCB3}.AppStore|Any CPU.Build.0 = Release|Any CPU
		{33FACB4E-535F-47C4-A020-90ABE198FCB3}.AppStore|iPhone.ActiveCfg = Release|Any CPU
		{33FACB4E-535F-47C4-A020-90ABE198FCB3}.AppStore|iPhone.Build.0 = Release|Any CPU
		{33FACB4E-535F-47C4-A020-90ABE198FCB3}.AppStore|iPhoneSimulator.ActiveCfg = Release|Any CPU
		{33FACB4E-535F-47C4-A020-90ABE198FCB3}.AppStore|iPhoneSimulator.Build.0 = Release|Any CPU
		{33FACB4E-535F-47C4-A020-90ABE198FCB3}.Debug|Any CPU.ActiveCfg = Debug|Any CPU
		{33FACB4E-535F-47C4-A020-90ABE198FCB3}.Debug|Any CPU.Build.0 = Debug|Any CPU
		{33FACB4E-535F-47C4-A020-90ABE198FCB3}.Debug|iPhone.ActiveCfg = Debug|Any CPU
		{33FACB4E-535F-47C4-A020-90ABE198FCB3}.Debug|iPhone.Build.0 = Debug|Any CPU
		{33FACB4E-535F-47C4-A020-90ABE198FCB3}.Debug|iPhoneSimulator.ActiveCfg = Debug|Any CPU
		{33FACB4E-535F-47C4-A020-90ABE198FCB3}.Debug|iPhoneSimulator.Build.0 = Debug|Any CPU
		{33FACB4E-535F-47C4-A020-90ABE198FCB3}.Release|Any CPU.ActiveCfg = Release|Any CPU
		{33FACB4E-535F-47C4-A020-90ABE198FCB3}.Release|Any CPU.Build.0 = Release|Any CPU
		{33FACB4E-535F-47C4-A020-90ABE198FCB3}.Release|iPhone.ActiveCfg = Release|Any CPU
		{33FACB4E-535F-47C4-A020-90ABE198FCB3}.Release|iPhone.Build.0 = Release|Any CPU
		{33FACB4E-535F-47C4-A020-90ABE198FCB3}.Release|iPhoneSimulator.ActiveCfg = Release|Any CPU
		{33FACB4E-535F-47C4-A020-90ABE198FCB3}.Release|iPhoneSimulator.Build.0 = Release|Any CPU
		{387A786C-091E-4C60-9791-A2AA7A4A9A23}.Ad-Hoc|Any CPU.ActiveCfg = Debug|Any CPU
		{387A786C-091E-4C60-9791-A2AA7A4A9A23}.Ad-Hoc|Any CPU.Build.0 = Debug|Any CPU
		{387A786C-091E-4C60-9791-A2AA7A4A9A23}.Ad-Hoc|iPhone.ActiveCfg = Debug|Any CPU
		{387A786C-091E-4C60-9791-A2AA7A4A9A23}.Ad-Hoc|iPhone.Build.0 = Debug|Any CPU
		{387A786C-091E-4C60-9791-A2AA7A4A9A23}.Ad-Hoc|iPhoneSimulator.ActiveCfg = Debug|Any CPU
		{387A786C-091E-4C60-9791-A2AA7A4A9A23}.Ad-Hoc|iPhoneSimulator.Build.0 = Debug|Any CPU
		{387A786C-091E-4C60-9791-A2AA7A4A9A23}.AppStore|Any CPU.ActiveCfg = Debug|Any CPU
		{387A786C-091E-4C60-9791-A2AA7A4A9A23}.AppStore|Any CPU.Build.0 = Debug|Any CPU
		{387A786C-091E-4C60-9791-A2AA7A4A9A23}.AppStore|iPhone.ActiveCfg = Debug|Any CPU
		{387A786C-091E-4C60-9791-A2AA7A4A9A23}.AppStore|iPhone.Build.0 = Debug|Any CPU
		{387A786C-091E-4C60-9791-A2AA7A4A9A23}.AppStore|iPhoneSimulator.ActiveCfg = Debug|Any CPU
		{387A786C-091E-4C60-9791-A2AA7A4A9A23}.AppStore|iPhoneSimulator.Build.0 = Debug|Any CPU
		{387A786C-091E-4C60-9791-A2AA7A4A9A23}.Debug|Any CPU.ActiveCfg = Debug|Any CPU
		{387A786C-091E-4C60-9791-A2AA7A4A9A23}.Debug|Any CPU.Build.0 = Debug|Any CPU
		{387A786C-091E-4C60-9791-A2AA7A4A9A23}.Debug|iPhone.ActiveCfg = Debug|Any CPU
		{387A786C-091E-4C60-9791-A2AA7A4A9A23}.Debug|iPhone.Build.0 = Debug|Any CPU
		{387A786C-091E-4C60-9791-A2AA7A4A9A23}.Debug|iPhoneSimulator.ActiveCfg = Debug|Any CPU
		{387A786C-091E-4C60-9791-A2AA7A4A9A23}.Debug|iPhoneSimulator.Build.0 = Debug|Any CPU
		{387A786C-091E-4C60-9791-A2AA7A4A9A23}.Release|Any CPU.ActiveCfg = Release|Any CPU
		{387A786C-091E-4C60-9791-A2AA7A4A9A23}.Release|Any CPU.Build.0 = Release|Any CPU
		{387A786C-091E-4C60-9791-A2AA7A4A9A23}.Release|iPhone.ActiveCfg = Release|Any CPU
		{387A786C-091E-4C60-9791-A2AA7A4A9A23}.Release|iPhone.Build.0 = Release|Any CPU
		{387A786C-091E-4C60-9791-A2AA7A4A9A23}.Release|iPhoneSimulator.ActiveCfg = Release|Any CPU
		{387A786C-091E-4C60-9791-A2AA7A4A9A23}.Release|iPhoneSimulator.Build.0 = Release|Any CPU
		{6192DEEB-1923-4245-8E87-21FADF362B74}.Ad-Hoc|Any CPU.ActiveCfg = Release|Any CPU
		{6192DEEB-1923-4245-8E87-21FADF362B74}.Ad-Hoc|Any CPU.Build.0 = Release|Any CPU
		{6192DEEB-1923-4245-8E87-21FADF362B74}.Ad-Hoc|Any CPU.Deploy.0 = Release|Any CPU
		{6192DEEB-1923-4245-8E87-21FADF362B74}.Ad-Hoc|iPhone.ActiveCfg = Release|Any CPU
		{6192DEEB-1923-4245-8E87-21FADF362B74}.Ad-Hoc|iPhone.Build.0 = Release|Any CPU
		{6192DEEB-1923-4245-8E87-21FADF362B74}.Ad-Hoc|iPhone.Deploy.0 = Release|Any CPU
		{6192DEEB-1923-4245-8E87-21FADF362B74}.Ad-Hoc|iPhoneSimulator.ActiveCfg = Release|Any CPU
		{6192DEEB-1923-4245-8E87-21FADF362B74}.Ad-Hoc|iPhoneSimulator.Build.0 = Release|Any CPU
		{6192DEEB-1923-4245-8E87-21FADF362B74}.Ad-Hoc|iPhoneSimulator.Deploy.0 = Release|Any CPU
		{6192DEEB-1923-4245-8E87-21FADF362B74}.AppStore|Any CPU.ActiveCfg = Release|Any CPU
		{6192DEEB-1923-4245-8E87-21FADF362B74}.AppStore|Any CPU.Build.0 = Release|Any CPU
		{6192DEEB-1923-4245-8E87-21FADF362B74}.AppStore|Any CPU.Deploy.0 = Release|Any CPU
		{6192DEEB-1923-4245-8E87-21FADF362B74}.AppStore|iPhone.ActiveCfg = Release|Any CPU
		{6192DEEB-1923-4245-8E87-21FADF362B74}.AppStore|iPhone.Build.0 = Release|Any CPU
		{6192DEEB-1923-4245-8E87-21FADF362B74}.AppStore|iPhone.Deploy.0 = Release|Any CPU
		{6192DEEB-1923-4245-8E87-21FADF362B74}.AppStore|iPhoneSimulator.ActiveCfg = Release|Any CPU
		{6192DEEB-1923-4245-8E87-21FADF362B74}.AppStore|iPhoneSimulator.Build.0 = Release|Any CPU
		{6192DEEB-1923-4245-8E87-21FADF362B74}.AppStore|iPhoneSimulator.Deploy.0 = Release|Any CPU
		{6192DEEB-1923-4245-8E87-21FADF362B74}.Debug|Any CPU.ActiveCfg = Debug|Any CPU
		{6192DEEB-1923-4245-8E87-21FADF362B74}.Debug|Any CPU.Build.0 = Debug|Any CPU
		{6192DEEB-1923-4245-8E87-21FADF362B74}.Debug|Any CPU.Deploy.0 = Debug|Any CPU
		{6192DEEB-1923-4245-8E87-21FADF362B74}.Debug|iPhone.ActiveCfg = Debug|Any CPU
		{6192DEEB-1923-4245-8E87-21FADF362B74}.Debug|iPhone.Build.0 = Debug|Any CPU
		{6192DEEB-1923-4245-8E87-21FADF362B74}.Debug|iPhone.Deploy.0 = Debug|Any CPU
		{6192DEEB-1923-4245-8E87-21FADF362B74}.Debug|iPhoneSimulator.ActiveCfg = Debug|Any CPU
		{6192DEEB-1923-4245-8E87-21FADF362B74}.Debug|iPhoneSimulator.Build.0 = Debug|Any CPU
		{6192DEEB-1923-4245-8E87-21FADF362B74}.Debug|iPhoneSimulator.Deploy.0 = Debug|Any CPU
		{6192DEEB-1923-4245-8E87-21FADF362B74}.Release|Any CPU.ActiveCfg = Release|Any CPU
		{6192DEEB-1923-4245-8E87-21FADF362B74}.Release|Any CPU.Build.0 = Release|Any CPU
		{6192DEEB-1923-4245-8E87-21FADF362B74}.Release|Any CPU.Deploy.0 = Release|Any CPU
		{6192DEEB-1923-4245-8E87-21FADF362B74}.Release|iPhone.ActiveCfg = Release|Any CPU
		{6192DEEB-1923-4245-8E87-21FADF362B74}.Release|iPhone.Build.0 = Release|Any CPU
		{6192DEEB-1923-4245-8E87-21FADF362B74}.Release|iPhone.Deploy.0 = Release|Any CPU
		{6192DEEB-1923-4245-8E87-21FADF362B74}.Release|iPhoneSimulator.ActiveCfg = Release|Any CPU
		{6192DEEB-1923-4245-8E87-21FADF362B74}.Release|iPhoneSimulator.Build.0 = Release|Any CPU
		{6192DEEB-1923-4245-8E87-21FADF362B74}.Release|iPhoneSimulator.Deploy.0 = Release|Any CPU
		{C15AC110-7023-4885-A6EC-0674E5E7B6EA}.Ad-Hoc|Any CPU.ActiveCfg = Ad-Hoc|iPhone
		{C15AC110-7023-4885-A6EC-0674E5E7B6EA}.Ad-Hoc|iPhone.ActiveCfg = Ad-Hoc|iPhone
		{C15AC110-7023-4885-A6EC-0674E5E7B6EA}.Ad-Hoc|iPhone.Build.0 = Ad-Hoc|iPhone
		{C15AC110-7023-4885-A6EC-0674E5E7B6EA}.Ad-Hoc|iPhoneSimulator.ActiveCfg = Ad-Hoc|iPhoneSimulator
		{C15AC110-7023-4885-A6EC-0674E5E7B6EA}.Ad-Hoc|iPhoneSimulator.Build.0 = Ad-Hoc|iPhoneSimulator
		{C15AC110-7023-4885-A6EC-0674E5E7B6EA}.AppStore|Any CPU.ActiveCfg = AppStore|iPhone
		{C15AC110-7023-4885-A6EC-0674E5E7B6EA}.AppStore|iPhone.ActiveCfg = AppStore|iPhone
		{C15AC110-7023-4885-A6EC-0674E5E7B6EA}.AppStore|iPhone.Build.0 = AppStore|iPhone
		{C15AC110-7023-4885-A6EC-0674E5E7B6EA}.AppStore|iPhoneSimulator.ActiveCfg = AppStore|iPhoneSimulator
		{C15AC110-7023-4885-A6EC-0674E5E7B6EA}.AppStore|iPhoneSimulator.Build.0 = AppStore|iPhoneSimulator
		{C15AC110-7023-4885-A6EC-0674E5E7B6EA}.Debug|Any CPU.ActiveCfg = Debug|iPhone
		{C15AC110-7023-4885-A6EC-0674E5E7B6EA}.Debug|iPhone.ActiveCfg = Debug|iPhone
		{C15AC110-7023-4885-A6EC-0674E5E7B6EA}.Debug|iPhone.Build.0 = Debug|iPhone
		{C15AC110-7023-4885-A6EC-0674E5E7B6EA}.Debug|iPhoneSimulator.ActiveCfg = Debug|iPhoneSimulator
		{C15AC110-7023-4885-A6EC-0674E5E7B6EA}.Debug|iPhoneSimulator.Build.0 = Debug|iPhoneSimulator
		{C15AC110-7023-4885-A6EC-0674E5E7B6EA}.Release|Any CPU.ActiveCfg = Release|iPhone
		{C15AC110-7023-4885-A6EC-0674E5E7B6EA}.Release|iPhone.ActiveCfg = Release|iPhone
		{C15AC110-7023-4885-A6EC-0674E5E7B6EA}.Release|iPhone.Build.0 = Release|iPhone
		{C15AC110-7023-4885-A6EC-0674E5E7B6EA}.Release|iPhoneSimulator.ActiveCfg = Release|iPhoneSimulator
		{C15AC110-7023-4885-A6EC-0674E5E7B6EA}.Release|iPhoneSimulator.Build.0 = Release|iPhoneSimulator
		{7C158805-3320-471F-B66F-DB8789E0897B}.Ad-Hoc|Any CPU.ActiveCfg = Release|Any CPU
		{7C158805-3320-471F-B66F-DB8789E0897B}.Ad-Hoc|Any CPU.Build.0 = Release|Any CPU
		{7C158805-3320-471F-B66F-DB8789E0897B}.Ad-Hoc|Any CPU.Deploy.0 = Release|Any CPU
		{7C158805-3320-471F-B66F-DB8789E0897B}.Ad-Hoc|iPhone.ActiveCfg = Release|Any CPU
		{7C158805-3320-471F-B66F-DB8789E0897B}.Ad-Hoc|iPhone.Build.0 = Release|Any CPU
		{7C158805-3320-471F-B66F-DB8789E0897B}.Ad-Hoc|iPhone.Deploy.0 = Release|Any CPU
		{7C158805-3320-471F-B66F-DB8789E0897B}.Ad-Hoc|iPhoneSimulator.ActiveCfg = Release|Any CPU
		{7C158805-3320-471F-B66F-DB8789E0897B}.Ad-Hoc|iPhoneSimulator.Build.0 = Release|Any CPU
		{7C158805-3320-471F-B66F-DB8789E0897B}.Ad-Hoc|iPhoneSimulator.Deploy.0 = Release|Any CPU
		{7C158805-3320-471F-B66F-DB8789E0897B}.AppStore|Any CPU.ActiveCfg = Release|Any CPU
		{7C158805-3320-471F-B66F-DB8789E0897B}.AppStore|Any CPU.Build.0 = Release|Any CPU
		{7C158805-3320-471F-B66F-DB8789E0897B}.AppStore|Any CPU.Deploy.0 = Release|Any CPU
		{7C158805-3320-471F-B66F-DB8789E0897B}.AppStore|iPhone.ActiveCfg = Release|Any CPU
		{7C158805-3320-471F-B66F-DB8789E0897B}.AppStore|iPhone.Build.0 = Release|Any CPU
		{7C158805-3320-471F-B66F-DB8789E0897B}.AppStore|iPhone.Deploy.0 = Release|Any CPU
		{7C158805-3320-471F-B66F-DB8789E0897B}.AppStore|iPhoneSimulator.ActiveCfg = Release|Any CPU
		{7C158805-3320-471F-B66F-DB8789E0897B}.AppStore|iPhoneSimulator.Build.0 = Release|Any CPU
		{7C158805-3320-471F-B66F-DB8789E0897B}.AppStore|iPhoneSimulator.Deploy.0 = Release|Any CPU
		{7C158805-3320-471F-B66F-DB8789E0897B}.Debug|Any CPU.ActiveCfg = Debug|Any CPU
		{7C158805-3320-471F-B66F-DB8789E0897B}.Debug|Any CPU.Build.0 = Debug|Any CPU
		{7C158805-3320-471F-B66F-DB8789E0897B}.Debug|Any CPU.Deploy.0 = Debug|Any CPU
		{7C158805-3320-471F-B66F-DB8789E0897B}.Debug|iPhone.ActiveCfg = Debug|Any CPU
		{7C158805-3320-471F-B66F-DB8789E0897B}.Debug|iPhone.Build.0 = Debug|Any CPU
		{7C158805-3320-471F-B66F-DB8789E0897B}.Debug|iPhone.Deploy.0 = Debug|Any CPU
		{7C158805-3320-471F-B66F-DB8789E0897B}.Debug|iPhoneSimulator.ActiveCfg = Debug|Any CPU
		{7C158805-3320-471F-B66F-DB8789E0897B}.Debug|iPhoneSimulator.Build.0 = Debug|Any CPU
		{7C158805-3320-471F-B66F-DB8789E0897B}.Debug|iPhoneSimulator.Deploy.0 = Debug|Any CPU
		{7C158805-3320-471F-B66F-DB8789E0897B}.Release|Any CPU.ActiveCfg = Release|Any CPU
		{7C158805-3320-471F-B66F-DB8789E0897B}.Release|Any CPU.Build.0 = Release|Any CPU
		{7C158805-3320-471F-B66F-DB8789E0897B}.Release|Any CPU.Deploy.0 = Release|Any CPU
		{7C158805-3320-471F-B66F-DB8789E0897B}.Release|iPhone.ActiveCfg = Release|Any CPU
		{7C158805-3320-471F-B66F-DB8789E0897B}.Release|iPhone.Build.0 = Release|Any CPU
		{7C158805-3320-471F-B66F-DB8789E0897B}.Release|iPhone.Deploy.0 = Release|Any CPU
		{7C158805-3320-471F-B66F-DB8789E0897B}.Release|iPhoneSimulator.ActiveCfg = Release|Any CPU
		{7C158805-3320-471F-B66F-DB8789E0897B}.Release|iPhoneSimulator.Build.0 = Release|Any CPU
		{7C158805-3320-471F-B66F-DB8789E0897B}.Release|iPhoneSimulator.Deploy.0 = Release|Any CPU
		{CF1267DA-9417-4807-94D9-A1CDE164ECED}.Ad-Hoc|Any CPU.ActiveCfg = Release|iPhone
		{CF1267DA-9417-4807-94D9-A1CDE164ECED}.Ad-Hoc|Any CPU.Build.0 = Release|iPhone
		{CF1267DA-9417-4807-94D9-A1CDE164ECED}.Ad-Hoc|iPhone.ActiveCfg = Release|iPhone
		{CF1267DA-9417-4807-94D9-A1CDE164ECED}.Ad-Hoc|iPhone.Build.0 = Release|iPhone
		{CF1267DA-9417-4807-94D9-A1CDE164ECED}.Ad-Hoc|iPhoneSimulator.ActiveCfg = Release|iPhoneSimulator
		{CF1267DA-9417-4807-94D9-A1CDE164ECED}.Ad-Hoc|iPhoneSimulator.Build.0 = Release|iPhoneSimulator
		{CF1267DA-9417-4807-94D9-A1CDE164ECED}.AppStore|Any CPU.ActiveCfg = Release|iPhone
		{CF1267DA-9417-4807-94D9-A1CDE164ECED}.AppStore|Any CPU.Build.0 = Release|iPhone
		{CF1267DA-9417-4807-94D9-A1CDE164ECED}.AppStore|iPhone.ActiveCfg = Release|iPhone
		{CF1267DA-9417-4807-94D9-A1CDE164ECED}.AppStore|iPhone.Build.0 = Release|iPhone
		{CF1267DA-9417-4807-94D9-A1CDE164ECED}.AppStore|iPhoneSimulator.ActiveCfg = Release|iPhoneSimulator
		{CF1267DA-9417-4807-94D9-A1CDE164ECED}.AppStore|iPhoneSimulator.Build.0 = Release|iPhoneSimulator
		{CF1267DA-9417-4807-94D9-A1CDE164ECED}.Debug|Any CPU.ActiveCfg = Debug|iPhone
		{CF1267DA-9417-4807-94D9-A1CDE164ECED}.Debug|iPhone.ActiveCfg = Debug|iPhone
		{CF1267DA-9417-4807-94D9-A1CDE164ECED}.Debug|iPhone.Build.0 = Debug|iPhone
		{CF1267DA-9417-4807-94D9-A1CDE164ECED}.Debug|iPhoneSimulator.ActiveCfg = Debug|iPhoneSimulator
		{CF1267DA-9417-4807-94D9-A1CDE164ECED}.Debug|iPhoneSimulator.Build.0 = Debug|iPhoneSimulator
		{CF1267DA-9417-4807-94D9-A1CDE164ECED}.Release|Any CPU.ActiveCfg = Release|iPhone
		{CF1267DA-9417-4807-94D9-A1CDE164ECED}.Release|iPhone.ActiveCfg = Release|iPhone
		{CF1267DA-9417-4807-94D9-A1CDE164ECED}.Release|iPhone.Build.0 = Release|iPhone
		{CF1267DA-9417-4807-94D9-A1CDE164ECED}.Release|iPhoneSimulator.ActiveCfg = Release|iPhoneSimulator
		{CF1267DA-9417-4807-94D9-A1CDE164ECED}.Release|iPhoneSimulator.Build.0 = Release|iPhoneSimulator
		{A56ADCAF-C588-470A-A3BD-E23765F01210}.Ad-Hoc|Any CPU.ActiveCfg = Debug|Any CPU
		{A56ADCAF-C588-470A-A3BD-E23765F01210}.Ad-Hoc|Any CPU.Build.0 = Debug|Any CPU
		{A56ADCAF-C588-470A-A3BD-E23765F01210}.Ad-Hoc|iPhone.ActiveCfg = Debug|Any CPU
		{A56ADCAF-C588-470A-A3BD-E23765F01210}.Ad-Hoc|iPhone.Build.0 = Debug|Any CPU
		{A56ADCAF-C588-470A-A3BD-E23765F01210}.Ad-Hoc|iPhoneSimulator.ActiveCfg = Debug|Any CPU
		{A56ADCAF-C588-470A-A3BD-E23765F01210}.Ad-Hoc|iPhoneSimulator.Build.0 = Debug|Any CPU
		{A56ADCAF-C588-470A-A3BD-E23765F01210}.AppStore|Any CPU.ActiveCfg = Debug|Any CPU
		{A56ADCAF-C588-470A-A3BD-E23765F01210}.AppStore|Any CPU.Build.0 = Debug|Any CPU
		{A56ADCAF-C588-470A-A3BD-E23765F01210}.AppStore|iPhone.ActiveCfg = Debug|Any CPU
		{A56ADCAF-C588-470A-A3BD-E23765F01210}.AppStore|iPhone.Build.0 = Debug|Any CPU
		{A56ADCAF-C588-470A-A3BD-E23765F01210}.AppStore|iPhoneSimulator.ActiveCfg = Debug|Any CPU
		{A56ADCAF-C588-470A-A3BD-E23765F01210}.AppStore|iPhoneSimulator.Build.0 = Debug|Any CPU
		{A56ADCAF-C588-470A-A3BD-E23765F01210}.Debug|Any CPU.ActiveCfg = Debug|Any CPU
		{A56ADCAF-C588-470A-A3BD-E23765F01210}.Debug|Any CPU.Build.0 = Debug|Any CPU
		{A56ADCAF-C588-470A-A3BD-E23765F01210}.Debug|iPhone.ActiveCfg = Debug|Any CPU
		{A56ADCAF-C588-470A-A3BD-E23765F01210}.Debug|iPhone.Build.0 = Debug|Any CPU
		{A56ADCAF-C588-470A-A3BD-E23765F01210}.Debug|iPhoneSimulator.ActiveCfg = Debug|Any CPU
		{A56ADCAF-C588-470A-A3BD-E23765F01210}.Debug|iPhoneSimulator.Build.0 = Debug|Any CPU
		{A56ADCAF-C588-470A-A3BD-E23765F01210}.Release|Any CPU.ActiveCfg = Release|Any CPU
		{A56ADCAF-C588-470A-A3BD-E23765F01210}.Release|Any CPU.Build.0 = Release|Any CPU
		{A56ADCAF-C588-470A-A3BD-E23765F01210}.Release|iPhone.ActiveCfg = Release|Any CPU
		{A56ADCAF-C588-470A-A3BD-E23765F01210}.Release|iPhone.Build.0 = Release|Any CPU
		{A56ADCAF-C588-470A-A3BD-E23765F01210}.Release|iPhoneSimulator.ActiveCfg = Release|Any CPU
		{A56ADCAF-C588-470A-A3BD-E23765F01210}.Release|iPhoneSimulator.Build.0 = Release|Any CPU
		{2C936074-117F-403F-A8D7-A3EF24B1C227}.Ad-Hoc|Any CPU.ActiveCfg = Debug|Any CPU
		{2C936074-117F-403F-A8D7-A3EF24B1C227}.Ad-Hoc|Any CPU.Build.0 = Debug|Any CPU
		{2C936074-117F-403F-A8D7-A3EF24B1C227}.Ad-Hoc|iPhone.ActiveCfg = Debug|Any CPU
		{2C936074-117F-403F-A8D7-A3EF24B1C227}.Ad-Hoc|iPhone.Build.0 = Debug|Any CPU
		{2C936074-117F-403F-A8D7-A3EF24B1C227}.Ad-Hoc|iPhoneSimulator.ActiveCfg = Debug|Any CPU
		{2C936074-117F-403F-A8D7-A3EF24B1C227}.Ad-Hoc|iPhoneSimulator.Build.0 = Debug|Any CPU
		{2C936074-117F-403F-A8D7-A3EF24B1C227}.AppStore|Any CPU.ActiveCfg = Debug|Any CPU
		{2C936074-117F-403F-A8D7-A3EF24B1C227}.AppStore|Any CPU.Build.0 = Debug|Any CPU
		{2C936074-117F-403F-A8D7-A3EF24B1C227}.AppStore|iPhone.ActiveCfg = Debug|Any CPU
		{2C936074-117F-403F-A8D7-A3EF24B1C227}.AppStore|iPhone.Build.0 = Debug|Any CPU
		{2C936074-117F-403F-A8D7-A3EF24B1C227}.AppStore|iPhoneSimulator.ActiveCfg = Debug|Any CPU
		{2C936074-117F-403F-A8D7-A3EF24B1C227}.AppStore|iPhoneSimulator.Build.0 = Debug|Any CPU
		{2C936074-117F-403F-A8D7-A3EF24B1C227}.Debug|Any CPU.ActiveCfg = Debug|Any CPU
		{2C936074-117F-403F-A8D7-A3EF24B1C227}.Debug|Any CPU.Build.0 = Debug|Any CPU
		{2C936074-117F-403F-A8D7-A3EF24B1C227}.Debug|iPhone.ActiveCfg = Debug|Any CPU
		{2C936074-117F-403F-A8D7-A3EF24B1C227}.Debug|iPhone.Build.0 = Debug|Any CPU
		{2C936074-117F-403F-A8D7-A3EF24B1C227}.Debug|iPhoneSimulator.ActiveCfg = Debug|Any CPU
		{2C936074-117F-403F-A8D7-A3EF24B1C227}.Debug|iPhoneSimulator.Build.0 = Debug|Any CPU
		{2C936074-117F-403F-A8D7-A3EF24B1C227}.Release|Any CPU.ActiveCfg = Release|Any CPU
		{2C936074-117F-403F-A8D7-A3EF24B1C227}.Release|Any CPU.Build.0 = Release|Any CPU
		{2C936074-117F-403F-A8D7-A3EF24B1C227}.Release|iPhone.ActiveCfg = Release|Any CPU
		{2C936074-117F-403F-A8D7-A3EF24B1C227}.Release|iPhone.Build.0 = Release|Any CPU
		{2C936074-117F-403F-A8D7-A3EF24B1C227}.Release|iPhoneSimulator.ActiveCfg = Release|Any CPU
		{2C936074-117F-403F-A8D7-A3EF24B1C227}.Release|iPhoneSimulator.Build.0 = Release|Any CPU
	EndGlobalSection
	GlobalSection(SolutionProperties) = preSolution
		HideSolutionNode = FALSE
	EndGlobalSection
	GlobalSection(ExtensibilityGlobals) = postSolution
		SolutionGuid = {11BAFDDE-677D-4F8E-8CE9-8F2CB813D439}
	EndGlobalSection
EndGlobal
