
Microsoft Visual Studio Solution File, Format Version 12.00
# Visual Studio 15
VisualStudioVersion = 15.0.27703.2026
MinimumVisualStudioVersion = 10.0.40219.1
Project("{FAE04EC0-301F-11D3-BF4B-00C04F79EFBC}") = "pBrainTrain.Backend", "pBrainTrain.Backend\pBrainTrain.Backend.csproj", "{60846DA4-C5EA-44F1-A2A5-203FA606C90E}"
EndProject
Global
	GlobalSection(SolutionConfigurationPlatforms) = preSolution
		Debug|Any CPU = Debug|Any CPU
		Release|Any CPU = Release|Any CPU
	EndGlobalSection
	GlobalSection(ProjectConfigurationPlatforms) = postSolution
		{60846DA4-C5EA-44F1-A2A5-203FA606C90E}.Debug|Any CPU.ActiveCfg = Debug|Any CPU
		{60846DA4-C5EA-44F1-A2A5-203FA606C90E}.Debug|Any CPU.Build.0 = Debug|Any CPU
		{60846DA4-C5EA-44F1-A2A5-203FA606C90E}.Release|Any CPU.ActiveCfg = Release|Any CPU
		{60846DA4-C5EA-44F1-A2A5-203FA606C90E}.Release|Any CPU.Build.0 = Release|Any CPU
	EndGlobalSection
	GlobalSection(SolutionProperties) = preSolution
		HideSolutionNode = FALSE
	EndGlobalSection
	GlobalSection(ExtensibilityGlobals) = postSolution
		SolutionGuid = {29E82E27-0032-44F0-9AF8-ED82375379B5}
	EndGlobalSection
EndGlobal
