
Microsoft Visual Studio Solution File, Format Version 12.00
# Visual Studio 14
VisualStudioVersion = 14.0.25420.1
MinimumVisualStudioVersion = 10.0.40219.1
Project("{FAE04EC0-301F-11D3-BF4B-00C04F79EFBC}") = "pBrainTrain.App.Android", "pBrainTrain.App\pBrainTrain.App.Android\pBrainTrain.App.Android.csproj", "{EC4C87F7-4D77-412F-8D77-DC68E1F3A2BF}"
EndProject
Project("{FAE04EC0-301F-11D3-BF4B-00C04F79EFBC}") = "pBrainTrain.App", "pBrainTrain.App\pBrainTrain.App\pBrainTrain.App.csproj", "{0726079C-0F36-4FEA-B3DE-037FE326B4F4}"
EndProject
Project("{FAE04EC0-301F-11D3-BF4B-00C04F79EFBC}") = "pBrainTrain.App.UWP", "pBrainTrain.App\pBrainTrain.App.UWP\pBrainTrain.App.UWP.csproj", "{4D6A5D14-2A61-4BA4-8D41-C3833B204D12}"
EndProject
Project("{FAE04EC0-301F-11D3-BF4B-00C04F79EFBC}") = "pBrainTrain.App.iOS", "pBrainTrain.App\pBrainTrain.App.iOS\pBrainTrain.App.iOS.csproj", "{157EE7C1-0E88-4299-A962-316F10E8255E}"
EndProject
Global
	GlobalSection(SolutionConfigurationPlatforms) = preSolution
		Ad-Hoc|Any CPU = Ad-Hoc|Any CPU
		Ad-Hoc|ARM = Ad-Hoc|ARM
		Ad-Hoc|iPhone = Ad-Hoc|iPhone
		Ad-Hoc|iPhoneSimulator = Ad-Hoc|iPhoneSimulator
		Ad-Hoc|x64 = Ad-Hoc|x64
		Ad-Hoc|x86 = Ad-Hoc|x86
		AppStore|Any CPU = AppStore|Any CPU
		AppStore|ARM = AppStore|ARM
		AppStore|iPhone = AppStore|iPhone
		AppStore|iPhoneSimulator = AppStore|iPhoneSimulator
		AppStore|x64 = AppStore|x64
		AppStore|x86 = AppStore|x86
		Debug|Any CPU = Debug|Any CPU
		Debug|ARM = Debug|ARM
		Debug|iPhone = Debug|iPhone
		Debug|iPhoneSimulator = Debug|iPhoneSimulator
		Debug|x64 = Debug|x64
		Debug|x86 = Debug|x86
		Release|Any CPU = Release|Any CPU
		Release|ARM = Release|ARM
		Release|iPhone = Release|iPhone
		Release|iPhoneSimulator = Release|iPhoneSimulator
		Release|x64 = Release|x64
		Release|x86 = Release|x86
	EndGlobalSection
	GlobalSection(ProjectConfigurationPlatforms) = postSolution
		{EC4C87F7-4D77-412F-8D77-DC68E1F3A2BF}.Ad-Hoc|Any CPU.ActiveCfg = Release|Any CPU
		{EC4C87F7-4D77-412F-8D77-DC68E1F3A2BF}.Ad-Hoc|Any CPU.Build.0 = Release|Any CPU
		{EC4C87F7-4D77-412F-8D77-DC68E1F3A2BF}.Ad-Hoc|Any CPU.Deploy.0 = Release|Any CPU
		{EC4C87F7-4D77-412F-8D77-DC68E1F3A2BF}.Ad-Hoc|ARM.ActiveCfg = Release|Any CPU
		{EC4C87F7-4D77-412F-8D77-DC68E1F3A2BF}.Ad-Hoc|ARM.Build.0 = Release|Any CPU
		{EC4C87F7-4D77-412F-8D77-DC68E1F3A2BF}.Ad-Hoc|ARM.Deploy.0 = Release|Any CPU
		{EC4C87F7-4D77-412F-8D77-DC68E1F3A2BF}.Ad-Hoc|iPhone.ActiveCfg = Release|Any CPU
		{EC4C87F7-4D77-412F-8D77-DC68E1F3A2BF}.Ad-Hoc|iPhone.Build.0 = Release|Any CPU
		{EC4C87F7-4D77-412F-8D77-DC68E1F3A2BF}.Ad-Hoc|iPhone.Deploy.0 = Release|Any CPU
		{EC4C87F7-4D77-412F-8D77-DC68E1F3A2BF}.Ad-Hoc|iPhoneSimulator.ActiveCfg = Release|Any CPU
		{EC4C87F7-4D77-412F-8D77-DC68E1F3A2BF}.Ad-Hoc|iPhoneSimulator.Build.0 = Release|Any CPU
		{EC4C87F7-4D77-412F-8D77-DC68E1F3A2BF}.Ad-Hoc|iPhoneSimulator.Deploy.0 = Release|Any CPU
		{EC4C87F7-4D77-412F-8D77-DC68E1F3A2BF}.Ad-Hoc|x64.ActiveCfg = Release|Any CPU
		{EC4C87F7-4D77-412F-8D77-DC68E1F3A2BF}.Ad-Hoc|x64.Build.0 = Release|Any CPU
		{EC4C87F7-4D77-412F-8D77-DC68E1F3A2BF}.Ad-Hoc|x64.Deploy.0 = Release|Any CPU
		{EC4C87F7-4D77-412F-8D77-DC68E1F3A2BF}.Ad-Hoc|x86.ActiveCfg = Release|Any CPU
		{EC4C87F7-4D77-412F-8D77-DC68E1F3A2BF}.Ad-Hoc|x86.Build.0 = Release|Any CPU
		{EC4C87F7-4D77-412F-8D77-DC68E1F3A2BF}.Ad-Hoc|x86.Deploy.0 = Release|Any CPU
		{EC4C87F7-4D77-412F-8D77-DC68E1F3A2BF}.AppStore|Any CPU.ActiveCfg = Release|Any CPU
		{EC4C87F7-4D77-412F-8D77-DC68E1F3A2BF}.AppStore|Any CPU.Build.0 = Release|Any CPU
		{EC4C87F7-4D77-412F-8D77-DC68E1F3A2BF}.AppStore|Any CPU.Deploy.0 = Release|Any CPU
		{EC4C87F7-4D77-412F-8D77-DC68E1F3A2BF}.AppStore|ARM.ActiveCfg = Release|Any CPU
		{EC4C87F7-4D77-412F-8D77-DC68E1F3A2BF}.AppStore|ARM.Build.0 = Release|Any CPU
		{EC4C87F7-4D77-412F-8D77-DC68E1F3A2BF}.AppStore|ARM.Deploy.0 = Release|Any CPU
		{EC4C87F7-4D77-412F-8D77-DC68E1F3A2BF}.AppStore|iPhone.ActiveCfg = Release|Any CPU
		{EC4C87F7-4D77-412F-8D77-DC68E1F3A2BF}.AppStore|iPhone.Build.0 = Release|Any CPU
		{EC4C87F7-4D77-412F-8D77-DC68E1F3A2BF}.AppStore|iPhone.Deploy.0 = Release|Any CPU
		{EC4C87F7-4D77-412F-8D77-DC68E1F3A2BF}.AppStore|iPhoneSimulator.ActiveCfg = Release|Any CPU
		{EC4C87F7-4D77-412F-8D77-DC68E1F3A2BF}.AppStore|iPhoneSimulator.Build.0 = Release|Any CPU
		{EC4C87F7-4D77-412F-8D77-DC68E1F3A2BF}.AppStore|iPhoneSimulator.Deploy.0 = Release|Any CPU
		{EC4C87F7-4D77-412F-8D77-DC68E1F3A2BF}.AppStore|x64.ActiveCfg = Release|Any CPU
		{EC4C87F7-4D77-412F-8D77-DC68E1F3A2BF}.AppStore|x64.Build.0 = Release|Any CPU
		{EC4C87F7-4D77-412F-8D77-DC68E1F3A2BF}.AppStore|x64.Deploy.0 = Release|Any CPU
		{EC4C87F7-4D77-412F-8D77-DC68E1F3A2BF}.AppStore|x86.ActiveCfg = Release|Any CPU
		{EC4C87F7-4D77-412F-8D77-DC68E1F3A2BF}.AppStore|x86.Build.0 = Release|Any CPU
		{EC4C87F7-4D77-412F-8D77-DC68E1F3A2BF}.AppStore|x86.Deploy.0 = Release|Any CPU
		{EC4C87F7-4D77-412F-8D77-DC68E1F3A2BF}.Debug|Any CPU.ActiveCfg = Debug|Any CPU
		{EC4C87F7-4D77-412F-8D77-DC68E1F3A2BF}.Debug|Any CPU.Build.0 = Debug|Any CPU
		{EC4C87F7-4D77-412F-8D77-DC68E1F3A2BF}.Debug|Any CPU.Deploy.0 = Debug|Any CPU
		{EC4C87F7-4D77-412F-8D77-DC68E1F3A2BF}.Debug|ARM.ActiveCfg = Debug|Any CPU
		{EC4C87F7-4D77-412F-8D77-DC68E1F3A2BF}.Debug|ARM.Build.0 = Debug|Any CPU
		{EC4C87F7-4D77-412F-8D77-DC68E1F3A2BF}.Debug|ARM.Deploy.0 = Debug|Any CPU
		{EC4C87F7-4D77-412F-8D77-DC68E1F3A2BF}.Debug|iPhone.ActiveCfg = Debug|Any CPU
		{EC4C87F7-4D77-412F-8D77-DC68E1F3A2BF}.Debug|iPhone.Build.0 = Debug|Any CPU
		{EC4C87F7-4D77-412F-8D77-DC68E1F3A2BF}.Debug|iPhone.Deploy.0 = Debug|Any CPU
		{EC4C87F7-4D77-412F-8D77-DC68E1F3A2BF}.Debug|iPhoneSimulator.ActiveCfg = Debug|Any CPU
		{EC4C87F7-4D77-412F-8D77-DC68E1F3A2BF}.Debug|iPhoneSimulator.Build.0 = Debug|Any CPU
		{EC4C87F7-4D77-412F-8D77-DC68E1F3A2BF}.Debug|iPhoneSimulator.Deploy.0 = Debug|Any CPU
		{EC4C87F7-4D77-412F-8D77-DC68E1F3A2BF}.Debug|x64.ActiveCfg = Debug|Any CPU
		{EC4C87F7-4D77-412F-8D77-DC68E1F3A2BF}.Debug|x64.Build.0 = Debug|Any CPU
		{EC4C87F7-4D77-412F-8D77-DC68E1F3A2BF}.Debug|x64.Deploy.0 = Debug|Any CPU
		{EC4C87F7-4D77-412F-8D77-DC68E1F3A2BF}.Debug|x86.ActiveCfg = Debug|Any CPU
		{EC4C87F7-4D77-412F-8D77-DC68E1F3A2BF}.Debug|x86.Build.0 = Debug|Any CPU
		{EC4C87F7-4D77-412F-8D77-DC68E1F3A2BF}.Debug|x86.Deploy.0 = Debug|Any CPU
		{EC4C87F7-4D77-412F-8D77-DC68E1F3A2BF}.Release|Any CPU.ActiveCfg = Release|Any CPU
		{EC4C87F7-4D77-412F-8D77-DC68E1F3A2BF}.Release|Any CPU.Build.0 = Release|Any CPU
		{EC4C87F7-4D77-412F-8D77-DC68E1F3A2BF}.Release|Any CPU.Deploy.0 = Release|Any CPU
		{EC4C87F7-4D77-412F-8D77-DC68E1F3A2BF}.Release|ARM.ActiveCfg = Release|Any CPU
		{EC4C87F7-4D77-412F-8D77-DC68E1F3A2BF}.Release|ARM.Build.0 = Release|Any CPU
		{EC4C87F7-4D77-412F-8D77-DC68E1F3A2BF}.Release|ARM.Deploy.0 = Release|Any CPU
		{EC4C87F7-4D77-412F-8D77-DC68E1F3A2BF}.Release|iPhone.ActiveCfg = Release|Any CPU
		{EC4C87F7-4D77-412F-8D77-DC68E1F3A2BF}.Release|iPhone.Build.0 = Release|Any CPU
		{EC4C87F7-4D77-412F-8D77-DC68E1F3A2BF}.Release|iPhone.Deploy.0 = Release|Any CPU
		{EC4C87F7-4D77-412F-8D77-DC68E1F3A2BF}.Release|iPhoneSimulator.ActiveCfg = Release|Any CPU
		{EC4C87F7-4D77-412F-8D77-DC68E1F3A2BF}.Release|iPhoneSimulator.Build.0 = Release|Any CPU
		{EC4C87F7-4D77-412F-8D77-DC68E1F3A2BF}.Release|iPhoneSimulator.Deploy.0 = Release|Any CPU
		{EC4C87F7-4D77-412F-8D77-DC68E1F3A2BF}.Release|x64.ActiveCfg = Release|Any CPU
		{EC4C87F7-4D77-412F-8D77-DC68E1F3A2BF}.Release|x64.Build.0 = Release|Any CPU
		{EC4C87F7-4D77-412F-8D77-DC68E1F3A2BF}.Release|x64.Deploy.0 = Release|Any CPU
		{EC4C87F7-4D77-412F-8D77-DC68E1F3A2BF}.Release|x86.ActiveCfg = Release|Any CPU
		{EC4C87F7-4D77-412F-8D77-DC68E1F3A2BF}.Release|x86.Build.0 = Release|Any CPU
		{EC4C87F7-4D77-412F-8D77-DC68E1F3A2BF}.Release|x86.Deploy.0 = Release|Any CPU
		{0726079C-0F36-4FEA-B3DE-037FE326B4F4}.Ad-Hoc|Any CPU.ActiveCfg = Release|Any CPU
		{0726079C-0F36-4FEA-B3DE-037FE326B4F4}.Ad-Hoc|Any CPU.Build.0 = Release|Any CPU
		{0726079C-0F36-4FEA-B3DE-037FE326B4F4}.Ad-Hoc|Any CPU.Deploy.0 = Release|Any CPU
		{0726079C-0F36-4FEA-B3DE-037FE326B4F4}.Ad-Hoc|ARM.ActiveCfg = Release|Any CPU
		{0726079C-0F36-4FEA-B3DE-037FE326B4F4}.Ad-Hoc|ARM.Build.0 = Release|Any CPU
		{0726079C-0F36-4FEA-B3DE-037FE326B4F4}.Ad-Hoc|ARM.Deploy.0 = Release|Any CPU
		{0726079C-0F36-4FEA-B3DE-037FE326B4F4}.Ad-Hoc|iPhone.ActiveCfg = Release|Any CPU
		{0726079C-0F36-4FEA-B3DE-037FE326B4F4}.Ad-Hoc|iPhone.Build.0 = Release|Any CPU
		{0726079C-0F36-4FEA-B3DE-037FE326B4F4}.Ad-Hoc|iPhone.Deploy.0 = Release|Any CPU
		{0726079C-0F36-4FEA-B3DE-037FE326B4F4}.Ad-Hoc|iPhoneSimulator.ActiveCfg = Release|Any CPU
		{0726079C-0F36-4FEA-B3DE-037FE326B4F4}.Ad-Hoc|iPhoneSimulator.Build.0 = Release|Any CPU
		{0726079C-0F36-4FEA-B3DE-037FE326B4F4}.Ad-Hoc|iPhoneSimulator.Deploy.0 = Release|Any CPU
		{0726079C-0F36-4FEA-B3DE-037FE326B4F4}.Ad-Hoc|x64.ActiveCfg = Release|Any CPU
		{0726079C-0F36-4FEA-B3DE-037FE326B4F4}.Ad-Hoc|x64.Build.0 = Release|Any CPU
		{0726079C-0F36-4FEA-B3DE-037FE326B4F4}.Ad-Hoc|x64.Deploy.0 = Release|Any CPU
		{0726079C-0F36-4FEA-B3DE-037FE326B4F4}.Ad-Hoc|x86.ActiveCfg = Release|Any CPU
		{0726079C-0F36-4FEA-B3DE-037FE326B4F4}.Ad-Hoc|x86.Build.0 = Release|Any CPU
		{0726079C-0F36-4FEA-B3DE-037FE326B4F4}.Ad-Hoc|x86.Deploy.0 = Release|Any CPU
		{0726079C-0F36-4FEA-B3DE-037FE326B4F4}.AppStore|Any CPU.ActiveCfg = Release|Any CPU
		{0726079C-0F36-4FEA-B3DE-037FE326B4F4}.AppStore|Any CPU.Build.0 = Release|Any CPU
		{0726079C-0F36-4FEA-B3DE-037FE326B4F4}.AppStore|Any CPU.Deploy.0 = Release|Any CPU
		{0726079C-0F36-4FEA-B3DE-037FE326B4F4}.AppStore|ARM.ActiveCfg = Release|Any CPU
		{0726079C-0F36-4FEA-B3DE-037FE326B4F4}.AppStore|ARM.Build.0 = Release|Any CPU
		{0726079C-0F36-4FEA-B3DE-037FE326B4F4}.AppStore|ARM.Deploy.0 = Release|Any CPU
		{0726079C-0F36-4FEA-B3DE-037FE326B4F4}.AppStore|iPhone.ActiveCfg = Release|Any CPU
		{0726079C-0F36-4FEA-B3DE-037FE326B4F4}.AppStore|iPhone.Build.0 = Release|Any CPU
		{0726079C-0F36-4FEA-B3DE-037FE326B4F4}.AppStore|iPhone.Deploy.0 = Release|Any CPU
		{0726079C-0F36-4FEA-B3DE-037FE326B4F4}.AppStore|iPhoneSimulator.ActiveCfg = Release|Any CPU
		{0726079C-0F36-4FEA-B3DE-037FE326B4F4}.AppStore|iPhoneSimulator.Build.0 = Release|Any CPU
		{0726079C-0F36-4FEA-B3DE-037FE326B4F4}.AppStore|iPhoneSimulator.Deploy.0 = Release|Any CPU
		{0726079C-0F36-4FEA-B3DE-037FE326B4F4}.AppStore|x64.ActiveCfg = Release|Any CPU
		{0726079C-0F36-4FEA-B3DE-037FE326B4F4}.AppStore|x64.Build.0 = Release|Any CPU
		{0726079C-0F36-4FEA-B3DE-037FE326B4F4}.AppStore|x64.Deploy.0 = Release|Any CPU
		{0726079C-0F36-4FEA-B3DE-037FE326B4F4}.AppStore|x86.ActiveCfg = Release|Any CPU
		{0726079C-0F36-4FEA-B3DE-037FE326B4F4}.AppStore|x86.Build.0 = Release|Any CPU
		{0726079C-0F36-4FEA-B3DE-037FE326B4F4}.AppStore|x86.Deploy.0 = Release|Any CPU
		{0726079C-0F36-4FEA-B3DE-037FE326B4F4}.Debug|Any CPU.ActiveCfg = Debug|Any CPU
		{0726079C-0F36-4FEA-B3DE-037FE326B4F4}.Debug|Any CPU.Build.0 = Debug|Any CPU
		{0726079C-0F36-4FEA-B3DE-037FE326B4F4}.Debug|Any CPU.Deploy.0 = Debug|Any CPU
		{0726079C-0F36-4FEA-B3DE-037FE326B4F4}.Debug|ARM.ActiveCfg = Debug|Any CPU
		{0726079C-0F36-4FEA-B3DE-037FE326B4F4}.Debug|ARM.Build.0 = Debug|Any CPU
		{0726079C-0F36-4FEA-B3DE-037FE326B4F4}.Debug|ARM.Deploy.0 = Debug|Any CPU
		{0726079C-0F36-4FEA-B3DE-037FE326B4F4}.Debug|iPhone.ActiveCfg = Debug|Any CPU
		{0726079C-0F36-4FEA-B3DE-037FE326B4F4}.Debug|iPhone.Build.0 = Debug|Any CPU
		{0726079C-0F36-4FEA-B3DE-037FE326B4F4}.Debug|iPhone.Deploy.0 = Debug|Any CPU
		{0726079C-0F36-4FEA-B3DE-037FE326B4F4}.Debug|iPhoneSimulator.ActiveCfg = Debug|Any CPU
		{0726079C-0F36-4FEA-B3DE-037FE326B4F4}.Debug|iPhoneSimulator.Build.0 = Debug|Any CPU
		{0726079C-0F36-4FEA-B3DE-037FE326B4F4}.Debug|iPhoneSimulator.Deploy.0 = Debug|Any CPU
		{0726079C-0F36-4FEA-B3DE-037FE326B4F4}.Debug|x64.ActiveCfg = Debug|Any CPU
		{0726079C-0F36-4FEA-B3DE-037FE326B4F4}.Debug|x64.Build.0 = Debug|Any CPU
		{0726079C-0F36-4FEA-B3DE-037FE326B4F4}.Debug|x64.Deploy.0 = Debug|Any CPU
		{0726079C-0F36-4FEA-B3DE-037FE326B4F4}.Debug|x86.ActiveCfg = Debug|Any CPU
		{0726079C-0F36-4FEA-B3DE-037FE326B4F4}.Debug|x86.Build.0 = Debug|Any CPU
		{0726079C-0F36-4FEA-B3DE-037FE326B4F4}.Debug|x86.Deploy.0 = Debug|Any CPU
		{0726079C-0F36-4FEA-B3DE-037FE326B4F4}.Release|Any CPU.ActiveCfg = Release|Any CPU
		{0726079C-0F36-4FEA-B3DE-037FE326B4F4}.Release|Any CPU.Build.0 = Release|Any CPU
		{0726079C-0F36-4FEA-B3DE-037FE326B4F4}.Release|Any CPU.Deploy.0 = Release|Any CPU
		{0726079C-0F36-4FEA-B3DE-037FE326B4F4}.Release|ARM.ActiveCfg = Release|Any CPU
		{0726079C-0F36-4FEA-B3DE-037FE326B4F4}.Release|ARM.Build.0 = Release|Any CPU
		{0726079C-0F36-4FEA-B3DE-037FE326B4F4}.Release|ARM.Deploy.0 = Release|Any CPU
		{0726079C-0F36-4FEA-B3DE-037FE326B4F4}.Release|iPhone.ActiveCfg = Release|Any CPU
		{0726079C-0F36-4FEA-B3DE-037FE326B4F4}.Release|iPhone.Build.0 = Release|Any CPU
		{0726079C-0F36-4FEA-B3DE-037FE326B4F4}.Release|iPhone.Deploy.0 = Release|Any CPU
		{0726079C-0F36-4FEA-B3DE-037FE326B4F4}.Release|iPhoneSimulator.ActiveCfg = Release|Any CPU
		{0726079C-0F36-4FEA-B3DE-037FE326B4F4}.Release|iPhoneSimulator.Build.0 = Release|Any CPU
		{0726079C-0F36-4FEA-B3DE-037FE326B4F4}.Release|iPhoneSimulator.Deploy.0 = Release|Any CPU
		{0726079C-0F36-4FEA-B3DE-037FE326B4F4}.Release|x64.ActiveCfg = Release|Any CPU
		{0726079C-0F36-4FEA-B3DE-037FE326B4F4}.Release|x64.Build.0 = Release|Any CPU
		{0726079C-0F36-4FEA-B3DE-037FE326B4F4}.Release|x64.Deploy.0 = Release|Any CPU
		{0726079C-0F36-4FEA-B3DE-037FE326B4F4}.Release|x86.ActiveCfg = Release|Any CPU
		{0726079C-0F36-4FEA-B3DE-037FE326B4F4}.Release|x86.Build.0 = Release|Any CPU
		{0726079C-0F36-4FEA-B3DE-037FE326B4F4}.Release|x86.Deploy.0 = Release|Any CPU
		{4D6A5D14-2A61-4BA4-8D41-C3833B204D12}.Ad-Hoc|Any CPU.ActiveCfg = Release|x86
		{4D6A5D14-2A61-4BA4-8D41-C3833B204D12}.Ad-Hoc|Any CPU.Build.0 = Release|x86
		{4D6A5D14-2A61-4BA4-8D41-C3833B204D12}.Ad-Hoc|Any CPU.Deploy.0 = Release|x86
		{4D6A5D14-2A61-4BA4-8D41-C3833B204D12}.Ad-Hoc|ARM.ActiveCfg = Release|ARM
		{4D6A5D14-2A61-4BA4-8D41-C3833B204D12}.Ad-Hoc|ARM.Build.0 = Release|ARM
		{4D6A5D14-2A61-4BA4-8D41-C3833B204D12}.Ad-Hoc|ARM.Deploy.0 = Release|ARM
		{4D6A5D14-2A61-4BA4-8D41-C3833B204D12}.Ad-Hoc|iPhone.ActiveCfg = Release|x86
		{4D6A5D14-2A61-4BA4-8D41-C3833B204D12}.Ad-Hoc|iPhone.Build.0 = Release|x86
		{4D6A5D14-2A61-4BA4-8D41-C3833B204D12}.Ad-Hoc|iPhone.Deploy.0 = Release|x86
		{4D6A5D14-2A61-4BA4-8D41-C3833B204D12}.Ad-Hoc|iPhoneSimulator.ActiveCfg = Release|x86
		{4D6A5D14-2A61-4BA4-8D41-C3833B204D12}.Ad-Hoc|iPhoneSimulator.Build.0 = Release|x86
		{4D6A5D14-2A61-4BA4-8D41-C3833B204D12}.Ad-Hoc|iPhoneSimulator.Deploy.0 = Release|x86
		{4D6A5D14-2A61-4BA4-8D41-C3833B204D12}.Ad-Hoc|x64.ActiveCfg = Release|x64
		{4D6A5D14-2A61-4BA4-8D41-C3833B204D12}.Ad-Hoc|x64.Build.0 = Release|x64
		{4D6A5D14-2A61-4BA4-8D41-C3833B204D12}.Ad-Hoc|x64.Deploy.0 = Release|x64
		{4D6A5D14-2A61-4BA4-8D41-C3833B204D12}.Ad-Hoc|x86.ActiveCfg = Release|x86
		{4D6A5D14-2A61-4BA4-8D41-C3833B204D12}.Ad-Hoc|x86.Build.0 = Release|x86
		{4D6A5D14-2A61-4BA4-8D41-C3833B204D12}.Ad-Hoc|x86.Deploy.0 = Release|x86
		{4D6A5D14-2A61-4BA4-8D41-C3833B204D12}.AppStore|Any CPU.ActiveCfg = Release|x86
		{4D6A5D14-2A61-4BA4-8D41-C3833B204D12}.AppStore|Any CPU.Build.0 = Release|x86
		{4D6A5D14-2A61-4BA4-8D41-C3833B204D12}.AppStore|Any CPU.Deploy.0 = Release|x86
		{4D6A5D14-2A61-4BA4-8D41-C3833B204D12}.AppStore|ARM.ActiveCfg = Release|ARM
		{4D6A5D14-2A61-4BA4-8D41-C3833B204D12}.AppStore|ARM.Build.0 = Release|ARM
		{4D6A5D14-2A61-4BA4-8D41-C3833B204D12}.AppStore|ARM.Deploy.0 = Release|ARM
		{4D6A5D14-2A61-4BA4-8D41-C3833B204D12}.AppStore|iPhone.ActiveCfg = Release|x86
		{4D6A5D14-2A61-4BA4-8D41-C3833B204D12}.AppStore|iPhone.Build.0 = Release|x86
		{4D6A5D14-2A61-4BA4-8D41-C3833B204D12}.AppStore|iPhone.Deploy.0 = Release|x86
		{4D6A5D14-2A61-4BA4-8D41-C3833B204D12}.AppStore|iPhoneSimulator.ActiveCfg = Release|x86
		{4D6A5D14-2A61-4BA4-8D41-C3833B204D12}.AppStore|iPhoneSimulator.Build.0 = Release|x86
		{4D6A5D14-2A61-4BA4-8D41-C3833B204D12}.AppStore|iPhoneSimulator.Deploy.0 = Release|x86
		{4D6A5D14-2A61-4BA4-8D41-C3833B204D12}.AppStore|x64.ActiveCfg = Release|x64
		{4D6A5D14-2A61-4BA4-8D41-C3833B204D12}.AppStore|x64.Build.0 = Release|x64
		{4D6A5D14-2A61-4BA4-8D41-C3833B204D12}.AppStore|x64.Deploy.0 = Release|x64
		{4D6A5D14-2A61-4BA4-8D41-C3833B204D12}.AppStore|x86.ActiveCfg = Release|x86
		{4D6A5D14-2A61-4BA4-8D41-C3833B204D12}.AppStore|x86.Build.0 = Release|x86
		{4D6A5D14-2A61-4BA4-8D41-C3833B204D12}.AppStore|x86.Deploy.0 = Release|x86
		{4D6A5D14-2A61-4BA4-8D41-C3833B204D12}.Debug|Any CPU.ActiveCfg = Debug|x86
		{4D6A5D14-2A61-4BA4-8D41-C3833B204D12}.Debug|Any CPU.Build.0 = Debug|x86
		{4D6A5D14-2A61-4BA4-8D41-C3833B204D12}.Debug|Any CPU.Deploy.0 = Debug|x86
		{4D6A5D14-2A61-4BA4-8D41-C3833B204D12}.Debug|ARM.ActiveCfg = Debug|ARM
		{4D6A5D14-2A61-4BA4-8D41-C3833B204D12}.Debug|ARM.Build.0 = Debug|ARM
		{4D6A5D14-2A61-4BA4-8D41-C3833B204D12}.Debug|ARM.Deploy.0 = Debug|ARM
		{4D6A5D14-2A61-4BA4-8D41-C3833B204D12}.Debug|iPhone.ActiveCfg = Debug|x86
		{4D6A5D14-2A61-4BA4-8D41-C3833B204D12}.Debug|iPhone.Build.0 = Debug|x86
		{4D6A5D14-2A61-4BA4-8D41-C3833B204D12}.Debug|iPhone.Deploy.0 = Debug|x86
		{4D6A5D14-2A61-4BA4-8D41-C3833B204D12}.Debug|iPhoneSimulator.ActiveCfg = Debug|x86
		{4D6A5D14-2A61-4BA4-8D41-C3833B204D12}.Debug|iPhoneSimulator.Build.0 = Debug|x86
		{4D6A5D14-2A61-4BA4-8D41-C3833B204D12}.Debug|iPhoneSimulator.Deploy.0 = Debug|x86
		{4D6A5D14-2A61-4BA4-8D41-C3833B204D12}.Debug|x64.ActiveCfg = Debug|x64
		{4D6A5D14-2A61-4BA4-8D41-C3833B204D12}.Debug|x64.Build.0 = Debug|x64
		{4D6A5D14-2A61-4BA4-8D41-C3833B204D12}.Debug|x64.Deploy.0 = Debug|x64
		{4D6A5D14-2A61-4BA4-8D41-C3833B204D12}.Debug|x86.ActiveCfg = Debug|x86
		{4D6A5D14-2A61-4BA4-8D41-C3833B204D12}.Debug|x86.Build.0 = Debug|x86
		{4D6A5D14-2A61-4BA4-8D41-C3833B204D12}.Debug|x86.Deploy.0 = Debug|x86
		{4D6A5D14-2A61-4BA4-8D41-C3833B204D12}.Release|Any CPU.ActiveCfg = Release|x86
		{4D6A5D14-2A61-4BA4-8D41-C3833B204D12}.Release|Any CPU.Build.0 = Release|x86
		{4D6A5D14-2A61-4BA4-8D41-C3833B204D12}.Release|Any CPU.Deploy.0 = Release|x86
		{4D6A5D14-2A61-4BA4-8D41-C3833B204D12}.Release|ARM.ActiveCfg = Release|ARM
		{4D6A5D14-2A61-4BA4-8D41-C3833B204D12}.Release|ARM.Build.0 = Release|ARM
		{4D6A5D14-2A61-4BA4-8D41-C3833B204D12}.Release|ARM.Deploy.0 = Release|ARM
		{4D6A5D14-2A61-4BA4-8D41-C3833B204D12}.Release|iPhone.ActiveCfg = Release|x86
		{4D6A5D14-2A61-4BA4-8D41-C3833B204D12}.Release|iPhone.Build.0 = Release|x86
		{4D6A5D14-2A61-4BA4-8D41-C3833B204D12}.Release|iPhone.Deploy.0 = Release|x86
		{4D6A5D14-2A61-4BA4-8D41-C3833B204D12}.Release|iPhoneSimulator.ActiveCfg = Release|x86
		{4D6A5D14-2A61-4BA4-8D41-C3833B204D12}.Release|iPhoneSimulator.Build.0 = Release|x86
		{4D6A5D14-2A61-4BA4-8D41-C3833B204D12}.Release|iPhoneSimulator.Deploy.0 = Release|x86
		{4D6A5D14-2A61-4BA4-8D41-C3833B204D12}.Release|x64.ActiveCfg = Release|x64
		{4D6A5D14-2A61-4BA4-8D41-C3833B204D12}.Release|x64.Build.0 = Release|x64
		{4D6A5D14-2A61-4BA4-8D41-C3833B204D12}.Release|x64.Deploy.0 = Release|x64
		{4D6A5D14-2A61-4BA4-8D41-C3833B204D12}.Release|x86.ActiveCfg = Release|x86
		{4D6A5D14-2A61-4BA4-8D41-C3833B204D12}.Release|x86.Build.0 = Release|x86
		{4D6A5D14-2A61-4BA4-8D41-C3833B204D12}.Release|x86.Deploy.0 = Release|x86
		{157EE7C1-0E88-4299-A962-316F10E8255E}.Ad-Hoc|Any CPU.ActiveCfg = Ad-Hoc|iPhone
		{157EE7C1-0E88-4299-A962-316F10E8255E}.Ad-Hoc|Any CPU.Build.0 = Ad-Hoc|iPhone
		{157EE7C1-0E88-4299-A962-316F10E8255E}.Ad-Hoc|Any CPU.Deploy.0 = Ad-Hoc|iPhone
		{157EE7C1-0E88-4299-A962-316F10E8255E}.Ad-Hoc|ARM.ActiveCfg = Ad-Hoc|iPhone
		{157EE7C1-0E88-4299-A962-316F10E8255E}.Ad-Hoc|ARM.Build.0 = Ad-Hoc|iPhone
		{157EE7C1-0E88-4299-A962-316F10E8255E}.Ad-Hoc|ARM.Deploy.0 = Ad-Hoc|iPhone
		{157EE7C1-0E88-4299-A962-316F10E8255E}.Ad-Hoc|iPhone.ActiveCfg = Ad-Hoc|iPhone
		{157EE7C1-0E88-4299-A962-316F10E8255E}.Ad-Hoc|iPhone.Build.0 = Ad-Hoc|iPhone
		{157EE7C1-0E88-4299-A962-316F10E8255E}.Ad-Hoc|iPhone.Deploy.0 = Ad-Hoc|iPhone
		{157EE7C1-0E88-4299-A962-316F10E8255E}.Ad-Hoc|iPhoneSimulator.ActiveCfg = Ad-Hoc|iPhoneSimulator
		{157EE7C1-0E88-4299-A962-316F10E8255E}.Ad-Hoc|iPhoneSimulator.Build.0 = Ad-Hoc|iPhoneSimulator
		{157EE7C1-0E88-4299-A962-316F10E8255E}.Ad-Hoc|iPhoneSimulator.Deploy.0 = Ad-Hoc|iPhoneSimulator
		{157EE7C1-0E88-4299-A962-316F10E8255E}.Ad-Hoc|x64.ActiveCfg = Ad-Hoc|iPhone
		{157EE7C1-0E88-4299-A962-316F10E8255E}.Ad-Hoc|x64.Build.0 = Ad-Hoc|iPhone
		{157EE7C1-0E88-4299-A962-316F10E8255E}.Ad-Hoc|x64.Deploy.0 = Ad-Hoc|iPhone
		{157EE7C1-0E88-4299-A962-316F10E8255E}.Ad-Hoc|x86.ActiveCfg = Ad-Hoc|iPhone
		{157EE7C1-0E88-4299-A962-316F10E8255E}.Ad-Hoc|x86.Build.0 = Ad-Hoc|iPhone
		{157EE7C1-0E88-4299-A962-316F10E8255E}.Ad-Hoc|x86.Deploy.0 = Ad-Hoc|iPhone
		{157EE7C1-0E88-4299-A962-316F10E8255E}.AppStore|Any CPU.ActiveCfg = AppStore|iPhone
		{157EE7C1-0E88-4299-A962-316F10E8255E}.AppStore|Any CPU.Build.0 = AppStore|iPhone
		{157EE7C1-0E88-4299-A962-316F10E8255E}.AppStore|Any CPU.Deploy.0 = AppStore|iPhone
		{157EE7C1-0E88-4299-A962-316F10E8255E}.AppStore|ARM.ActiveCfg = AppStore|iPhone
		{157EE7C1-0E88-4299-A962-316F10E8255E}.AppStore|ARM.Build.0 = AppStore|iPhone
		{157EE7C1-0E88-4299-A962-316F10E8255E}.AppStore|ARM.Deploy.0 = AppStore|iPhone
		{157EE7C1-0E88-4299-A962-316F10E8255E}.AppStore|iPhone.ActiveCfg = AppStore|iPhone
		{157EE7C1-0E88-4299-A962-316F10E8255E}.AppStore|iPhone.Build.0 = AppStore|iPhone
		{157EE7C1-0E88-4299-A962-316F10E8255E}.AppStore|iPhone.Deploy.0 = AppStore|iPhone
		{157EE7C1-0E88-4299-A962-316F10E8255E}.AppStore|iPhoneSimulator.ActiveCfg = AppStore|iPhoneSimulator
		{157EE7C1-0E88-4299-A962-316F10E8255E}.AppStore|iPhoneSimulator.Build.0 = AppStore|iPhoneSimulator
		{157EE7C1-0E88-4299-A962-316F10E8255E}.AppStore|iPhoneSimulator.Deploy.0 = AppStore|iPhoneSimulator
		{157EE7C1-0E88-4299-A962-316F10E8255E}.AppStore|x64.ActiveCfg = AppStore|iPhone
		{157EE7C1-0E88-4299-A962-316F10E8255E}.AppStore|x64.Build.0 = AppStore|iPhone
		{157EE7C1-0E88-4299-A962-316F10E8255E}.AppStore|x64.Deploy.0 = AppStore|iPhone
		{157EE7C1-0E88-4299-A962-316F10E8255E}.AppStore|x86.ActiveCfg = AppStore|iPhone
		{157EE7C1-0E88-4299-A962-316F10E8255E}.AppStore|x86.Build.0 = AppStore|iPhone
		{157EE7C1-0E88-4299-A962-316F10E8255E}.AppStore|x86.Deploy.0 = AppStore|iPhone
		{157EE7C1-0E88-4299-A962-316F10E8255E}.Debug|Any CPU.ActiveCfg = Debug|iPhoneSimulator
		{157EE7C1-0E88-4299-A962-316F10E8255E}.Debug|Any CPU.Build.0 = Debug|iPhoneSimulator
		{157EE7C1-0E88-4299-A962-316F10E8255E}.Debug|Any CPU.Deploy.0 = Debug|iPhoneSimulator
		{157EE7C1-0E88-4299-A962-316F10E8255E}.Debug|ARM.ActiveCfg = Debug|iPhone
		{157EE7C1-0E88-4299-A962-316F10E8255E}.Debug|ARM.Build.0 = Debug|iPhone
		{157EE7C1-0E88-4299-A962-316F10E8255E}.Debug|ARM.Deploy.0 = Debug|iPhone
		{157EE7C1-0E88-4299-A962-316F10E8255E}.Debug|iPhone.ActiveCfg = Debug|iPhone
		{157EE7C1-0E88-4299-A962-316F10E8255E}.Debug|iPhone.Build.0 = Debug|iPhone
		{157EE7C1-0E88-4299-A962-316F10E8255E}.Debug|iPhone.Deploy.0 = Debug|iPhone
		{157EE7C1-0E88-4299-A962-316F10E8255E}.Debug|iPhoneSimulator.ActiveCfg = Debug|iPhoneSimulator
		{157EE7C1-0E88-4299-A962-316F10E8255E}.Debug|iPhoneSimulator.Build.0 = Debug|iPhoneSimulator
		{157EE7C1-0E88-4299-A962-316F10E8255E}.Debug|iPhoneSimulator.Deploy.0 = Debug|iPhoneSimulator
		{157EE7C1-0E88-4299-A962-316F10E8255E}.Debug|x64.ActiveCfg = Debug|iPhone
		{157EE7C1-0E88-4299-A962-316F10E8255E}.Debug|x64.Build.0 = Debug|iPhone
		{157EE7C1-0E88-4299-A962-316F10E8255E}.Debug|x64.Deploy.0 = Debug|iPhone
		{157EE7C1-0E88-4299-A962-316F10E8255E}.Debug|x86.ActiveCfg = Debug|iPhone
		{157EE7C1-0E88-4299-A962-316F10E8255E}.Debug|x86.Build.0 = Debug|iPhone
		{157EE7C1-0E88-4299-A962-316F10E8255E}.Debug|x86.Deploy.0 = Debug|iPhone
		{157EE7C1-0E88-4299-A962-316F10E8255E}.Release|Any CPU.ActiveCfg = Release|iPhone
		{157EE7C1-0E88-4299-A962-316F10E8255E}.Release|Any CPU.Build.0 = Release|iPhone
		{157EE7C1-0E88-4299-A962-316F10E8255E}.Release|Any CPU.Deploy.0 = Release|iPhone
		{157EE7C1-0E88-4299-A962-316F10E8255E}.Release|ARM.ActiveCfg = Release|iPhone
		{157EE7C1-0E88-4299-A962-316F10E8255E}.Release|ARM.Build.0 = Release|iPhone
		{157EE7C1-0E88-4299-A962-316F10E8255E}.Release|ARM.Deploy.0 = Release|iPhone
		{157EE7C1-0E88-4299-A962-316F10E8255E}.Release|iPhone.ActiveCfg = Release|iPhone
		{157EE7C1-0E88-4299-A962-316F10E8255E}.Release|iPhone.Build.0 = Release|iPhone
		{157EE7C1-0E88-4299-A962-316F10E8255E}.Release|iPhone.Deploy.0 = Release|iPhone
		{157EE7C1-0E88-4299-A962-316F10E8255E}.Release|iPhoneSimulator.ActiveCfg = Release|iPhoneSimulator
		{157EE7C1-0E88-4299-A962-316F10E8255E}.Release|iPhoneSimulator.Build.0 = Release|iPhoneSimulator
		{157EE7C1-0E88-4299-A962-316F10E8255E}.Release|iPhoneSimulator.Deploy.0 = Release|iPhoneSimulator
		{157EE7C1-0E88-4299-A962-316F10E8255E}.Release|x64.ActiveCfg = Release|iPhone
		{157EE7C1-0E88-4299-A962-316F10E8255E}.Release|x64.Build.0 = Release|iPhone
		{157EE7C1-0E88-4299-A962-316F10E8255E}.Release|x64.Deploy.0 = Release|iPhone
		{157EE7C1-0E88-4299-A962-316F10E8255E}.Release|x86.ActiveCfg = Release|iPhone
		{157EE7C1-0E88-4299-A962-316F10E8255E}.Release|x86.Build.0 = Release|iPhone
		{157EE7C1-0E88-4299-A962-316F10E8255E}.Release|x86.Deploy.0 = Release|iPhone
	EndGlobalSection
	GlobalSection(SolutionProperties) = preSolution
		HideSolutionNode = FALSE
	EndGlobalSection
EndGlobal
