
Microsoft Visual Studio Solution File, Format Version 12.00
# Visual Studio 14
VisualStudioVersion = 14.0.25420.1
MinimumVisualStudioVersion = 10.0.40219.1
Project("{FAE04EC0-301F-11D3-BF4B-00C04F79EFBC}") = "pBrainTrain.App.Android", "pBrainTrain.App\pBrainTrain.App.Android\pBrainTrain.App.Android.csproj", "{E9D40A2F-C299-4CED-A585-6CC173B8BAB0}"
EndProject
Project("{FAE04EC0-301F-11D3-BF4B-00C04F79EFBC}") = "pBrainTrain.App", "pBrainTrain.App\pBrainTrain.App\pBrainTrain.App.csproj", "{04B564B0-7501-4130-AF64-A21259EC7F47}"
EndProject
Project("{FAE04EC0-301F-11D3-BF4B-00C04F79EFBC}") = "pBrainTrain.App.iOS", "pBrainTrain.App\pBrainTrain.App.iOS\pBrainTrain.App.iOS.csproj", "{AA3B6C81-1B5C-44F6-9490-8DCE30530F58}"
EndProject
Project("{FAE04EC0-301F-11D3-BF4B-00C04F79EFBC}") = "pBrainTrain.Domain", "..\pBrainTrain.Domain\pBrainTrain.Domain.csproj", "{4EE05D78-372C-4504-A894-1EE1B6645C37}"
EndProject
Global
	GlobalSection(SolutionConfigurationPlatforms) = preSolution
		Ad-Hoc|Any CPU = Ad-Hoc|Any CPU
		Ad-Hoc|iPhone = Ad-Hoc|iPhone
		Ad-Hoc|iPhoneSimulator = Ad-Hoc|iPhoneSimulator
		AppStore|Any CPU = AppStore|Any CPU
		AppStore|iPhone = AppStore|iPhone
		AppStore|iPhoneSimulator = AppStore|iPhoneSimulator
		Debug|Any CPU = Debug|Any CPU
		Debug|iPhone = Debug|iPhone
		Debug|iPhoneSimulator = Debug|iPhoneSimulator
		Release|Any CPU = Release|Any CPU
		Release|iPhone = Release|iPhone
		Release|iPhoneSimulator = Release|iPhoneSimulator
	EndGlobalSection
	GlobalSection(ProjectConfigurationPlatforms) = postSolution
		{E9D40A2F-C299-4CED-A585-6CC173B8BAB0}.Ad-Hoc|Any CPU.ActiveCfg = Release|Any CPU
		{E9D40A2F-C299-4CED-A585-6CC173B8BAB0}.Ad-Hoc|Any CPU.Build.0 = Release|Any CPU
		{E9D40A2F-C299-4CED-A585-6CC173B8BAB0}.Ad-Hoc|Any CPU.Deploy.0 = Release|Any CPU
		{E9D40A2F-C299-4CED-A585-6CC173B8BAB0}.Ad-Hoc|iPhone.ActiveCfg = Release|Any CPU
		{E9D40A2F-C299-4CED-A585-6CC173B8BAB0}.Ad-Hoc|iPhone.Build.0 = Release|Any CPU
		{E9D40A2F-C299-4CED-A585-6CC173B8BAB0}.Ad-Hoc|iPhone.Deploy.0 = Release|Any CPU
		{E9D40A2F-C299-4CED-A585-6CC173B8BAB0}.Ad-Hoc|iPhoneSimulator.ActiveCfg = Release|Any CPU
		{E9D40A2F-C299-4CED-A585-6CC173B8BAB0}.Ad-Hoc|iPhoneSimulator.Build.0 = Release|Any CPU
		{E9D40A2F-C299-4CED-A585-6CC173B8BAB0}.Ad-Hoc|iPhoneSimulator.Deploy.0 = Release|Any CPU
		{E9D40A2F-C299-4CED-A585-6CC173B8BAB0}.AppStore|Any CPU.ActiveCfg = Release|Any CPU
		{E9D40A2F-C299-4CED-A585-6CC173B8BAB0}.AppStore|Any CPU.Build.0 = Release|Any CPU
		{E9D40A2F-C299-4CED-A585-6CC173B8BAB0}.AppStore|Any CPU.Deploy.0 = Release|Any CPU
		{E9D40A2F-C299-4CED-A585-6CC173B8BAB0}.AppStore|iPhone.ActiveCfg = Release|Any CPU
		{E9D40A2F-C299-4CED-A585-6CC173B8BAB0}.AppStore|iPhone.Build.0 = Release|Any CPU
		{E9D40A2F-C299-4CED-A585-6CC173B8BAB0}.AppStore|iPhone.Deploy.0 = Release|Any CPU
		{E9D40A2F-C299-4CED-A585-6CC173B8BAB0}.AppStore|iPhoneSimulator.ActiveCfg = Release|Any CPU
		{E9D40A2F-C299-4CED-A585-6CC173B8BAB0}.AppStore|iPhoneSimulator.Build.0 = Release|Any CPU
		{E9D40A2F-C299-4CED-A585-6CC173B8BAB0}.AppStore|iPhoneSimulator.Deploy.0 = Release|Any CPU
		{E9D40A2F-C299-4CED-A585-6CC173B8BAB0}.Debug|Any CPU.ActiveCfg = Debug|Any CPU
		{E9D40A2F-C299-4CED-A585-6CC173B8BAB0}.Debug|Any CPU.Build.0 = Debug|Any CPU
		{E9D40A2F-C299-4CED-A585-6CC173B8BAB0}.Debug|Any CPU.Deploy.0 = Debug|Any CPU
		{E9D40A2F-C299-4CED-A585-6CC173B8BAB0}.Debug|iPhone.ActiveCfg = Debug|Any CPU
		{E9D40A2F-C299-4CED-A585-6CC173B8BAB0}.Debug|iPhone.Build.0 = Debug|Any CPU
		{E9D40A2F-C299-4CED-A585-6CC173B8BAB0}.Debug|iPhone.Deploy.0 = Debug|Any CPU
		{E9D40A2F-C299-4CED-A585-6CC173B8BAB0}.Debug|iPhoneSimulator.ActiveCfg = Debug|Any CPU
		{E9D40A2F-C299-4CED-A585-6CC173B8BAB0}.Debug|iPhoneSimulator.Build.0 = Debug|Any CPU
		{E9D40A2F-C299-4CED-A585-6CC173B8BAB0}.Debug|iPhoneSimulator.Deploy.0 = Debug|Any CPU
		{E9D40A2F-C299-4CED-A585-6CC173B8BAB0}.Release|Any CPU.ActiveCfg = Release|Any CPU
		{E9D40A2F-C299-4CED-A585-6CC173B8BAB0}.Release|Any CPU.Build.0 = Release|Any CPU
		{E9D40A2F-C299-4CED-A585-6CC173B8BAB0}.Release|Any CPU.Deploy.0 = Release|Any CPU
		{E9D40A2F-C299-4CED-A585-6CC173B8BAB0}.Release|iPhone.ActiveCfg = Release|Any CPU
		{E9D40A2F-C299-4CED-A585-6CC173B8BAB0}.Release|iPhone.Build.0 = Release|Any CPU
		{E9D40A2F-C299-4CED-A585-6CC173B8BAB0}.Release|iPhone.Deploy.0 = Release|Any CPU
		{E9D40A2F-C299-4CED-A585-6CC173B8BAB0}.Release|iPhoneSimulator.ActiveCfg = Release|Any CPU
		{E9D40A2F-C299-4CED-A585-6CC173B8BAB0}.Release|iPhoneSimulator.Build.0 = Release|Any CPU
		{E9D40A2F-C299-4CED-A585-6CC173B8BAB0}.Release|iPhoneSimulator.Deploy.0 = Release|Any CPU
		{04B564B0-7501-4130-AF64-A21259EC7F47}.Ad-Hoc|Any CPU.ActiveCfg = Release|Any CPU
		{04B564B0-7501-4130-AF64-A21259EC7F47}.Ad-Hoc|Any CPU.Build.0 = Release|Any CPU
		{04B564B0-7501-4130-AF64-A21259EC7F47}.Ad-Hoc|Any CPU.Deploy.0 = Release|Any CPU
		{04B564B0-7501-4130-AF64-A21259EC7F47}.Ad-Hoc|iPhone.ActiveCfg = Release|Any CPU
		{04B564B0-7501-4130-AF64-A21259EC7F47}.Ad-Hoc|iPhone.Build.0 = Release|Any CPU
		{04B564B0-7501-4130-AF64-A21259EC7F47}.Ad-Hoc|iPhone.Deploy.0 = Release|Any CPU
		{04B564B0-7501-4130-AF64-A21259EC7F47}.Ad-Hoc|iPhoneSimulator.ActiveCfg = Release|Any CPU
		{04B564B0-7501-4130-AF64-A21259EC7F47}.Ad-Hoc|iPhoneSimulator.Build.0 = Release|Any CPU
		{04B564B0-7501-4130-AF64-A21259EC7F47}.Ad-Hoc|iPhoneSimulator.Deploy.0 = Release|Any CPU
		{04B564B0-7501-4130-AF64-A21259EC7F47}.AppStore|Any CPU.ActiveCfg = Release|Any CPU
		{04B564B0-7501-4130-AF64-A21259EC7F47}.AppStore|Any CPU.Build.0 = Release|Any CPU
		{04B564B0-7501-4130-AF64-A21259EC7F47}.AppStore|Any CPU.Deploy.0 = Release|Any CPU
		{04B564B0-7501-4130-AF64-A21259EC7F47}.AppStore|iPhone.ActiveCfg = Release|Any CPU
		{04B564B0-7501-4130-AF64-A21259EC7F47}.AppStore|iPhone.Build.0 = Release|Any CPU
		{04B564B0-7501-4130-AF64-A21259EC7F47}.AppStore|iPhone.Deploy.0 = Release|Any CPU
		{04B564B0-7501-4130-AF64-A21259EC7F47}.AppStore|iPhoneSimulator.ActiveCfg = Release|Any CPU
		{04B564B0-7501-4130-AF64-A21259EC7F47}.AppStore|iPhoneSimulator.Build.0 = Release|Any CPU
		{04B564B0-7501-4130-AF64-A21259EC7F47}.AppStore|iPhoneSimulator.Deploy.0 = Release|Any CPU
		{04B564B0-7501-4130-AF64-A21259EC7F47}.Debug|Any CPU.ActiveCfg = Debug|Any CPU
		{04B564B0-7501-4130-AF64-A21259EC7F47}.Debug|Any CPU.Build.0 = Debug|Any CPU
		{04B564B0-7501-4130-AF64-A21259EC7F47}.Debug|Any CPU.Deploy.0 = Debug|Any CPU
		{04B564B0-7501-4130-AF64-A21259EC7F47}.Debug|iPhone.ActiveCfg = Debug|Any CPU
		{04B564B0-7501-4130-AF64-A21259EC7F47}.Debug|iPhone.Build.0 = Debug|Any CPU
		{04B564B0-7501-4130-AF64-A21259EC7F47}.Debug|iPhone.Deploy.0 = Debug|Any CPU
		{04B564B0-7501-4130-AF64-A21259EC7F47}.Debug|iPhoneSimulator.ActiveCfg = Debug|Any CPU
		{04B564B0-7501-4130-AF64-A21259EC7F47}.Debug|iPhoneSimulator.Build.0 = Debug|Any CPU
		{04B564B0-7501-4130-AF64-A21259EC7F47}.Debug|iPhoneSimulator.Deploy.0 = Debug|Any CPU
		{04B564B0-7501-4130-AF64-A21259EC7F47}.Release|Any CPU.ActiveCfg = Release|Any CPU
		{04B564B0-7501-4130-AF64-A21259EC7F47}.Release|Any CPU.Build.0 = Release|Any CPU
		{04B564B0-7501-4130-AF64-A21259EC7F47}.Release|Any CPU.Deploy.0 = Release|Any CPU
		{04B564B0-7501-4130-AF64-A21259EC7F47}.Release|iPhone.ActiveCfg = Release|Any CPU
		{04B564B0-7501-4130-AF64-A21259EC7F47}.Release|iPhone.Build.0 = Release|Any CPU
		{04B564B0-7501-4130-AF64-A21259EC7F47}.Release|iPhone.Deploy.0 = Release|Any CPU
		{04B564B0-7501-4130-AF64-A21259EC7F47}.Release|iPhoneSimulator.ActiveCfg = Release|Any CPU
		{04B564B0-7501-4130-AF64-A21259EC7F47}.Release|iPhoneSimulator.Build.0 = Release|Any CPU
		{04B564B0-7501-4130-AF64-A21259EC7F47}.Release|iPhoneSimulator.Deploy.0 = Release|Any CPU
		{AA3B6C81-1B5C-44F6-9490-8DCE30530F58}.Ad-Hoc|Any CPU.ActiveCfg = Ad-Hoc|iPhone
		{AA3B6C81-1B5C-44F6-9490-8DCE30530F58}.Ad-Hoc|Any CPU.Build.0 = Ad-Hoc|iPhone
		{AA3B6C81-1B5C-44F6-9490-8DCE30530F58}.Ad-Hoc|Any CPU.Deploy.0 = Ad-Hoc|iPhone
		{AA3B6C81-1B5C-44F6-9490-8DCE30530F58}.Ad-Hoc|iPhone.ActiveCfg = Ad-Hoc|iPhone
		{AA3B6C81-1B5C-44F6-9490-8DCE30530F58}.Ad-Hoc|iPhone.Build.0 = Ad-Hoc|iPhone
		{AA3B6C81-1B5C-44F6-9490-8DCE30530F58}.Ad-Hoc|iPhone.Deploy.0 = Ad-Hoc|iPhone
		{AA3B6C81-1B5C-44F6-9490-8DCE30530F58}.Ad-Hoc|iPhoneSimulator.ActiveCfg = Ad-Hoc|iPhoneSimulator
		{AA3B6C81-1B5C-44F6-9490-8DCE30530F58}.Ad-Hoc|iPhoneSimulator.Build.0 = Ad-Hoc|iPhoneSimulator
		{AA3B6C81-1B5C-44F6-9490-8DCE30530F58}.Ad-Hoc|iPhoneSimulator.Deploy.0 = Ad-Hoc|iPhoneSimulator
		{AA3B6C81-1B5C-44F6-9490-8DCE30530F58}.AppStore|Any CPU.ActiveCfg = AppStore|iPhone
		{AA3B6C81-1B5C-44F6-9490-8DCE30530F58}.AppStore|Any CPU.Build.0 = AppStore|iPhone
		{AA3B6C81-1B5C-44F6-9490-8DCE30530F58}.AppStore|Any CPU.Deploy.0 = AppStore|iPhone
		{AA3B6C81-1B5C-44F6-9490-8DCE30530F58}.AppStore|iPhone.ActiveCfg = AppStore|iPhone
		{AA3B6C81-1B5C-44F6-9490-8DCE30530F58}.AppStore|iPhone.Build.0 = AppStore|iPhone
		{AA3B6C81-1B5C-44F6-9490-8DCE30530F58}.AppStore|iPhone.Deploy.0 = AppStore|iPhone
		{AA3B6C81-1B5C-44F6-9490-8DCE30530F58}.AppStore|iPhoneSimulator.ActiveCfg = AppStore|iPhoneSimulator
		{AA3B6C81-1B5C-44F6-9490-8DCE30530F58}.AppStore|iPhoneSimulator.Build.0 = AppStore|iPhoneSimulator
		{AA3B6C81-1B5C-44F6-9490-8DCE30530F58}.AppStore|iPhoneSimulator.Deploy.0 = AppStore|iPhoneSimulator
		{AA3B6C81-1B5C-44F6-9490-8DCE30530F58}.Debug|Any CPU.ActiveCfg = Debug|iPhoneSimulator
		{AA3B6C81-1B5C-44F6-9490-8DCE30530F58}.Debug|Any CPU.Build.0 = Debug|iPhoneSimulator
		{AA3B6C81-1B5C-44F6-9490-8DCE30530F58}.Debug|Any CPU.Deploy.0 = Debug|iPhoneSimulator
		{AA3B6C81-1B5C-44F6-9490-8DCE30530F58}.Debug|iPhone.ActiveCfg = Debug|iPhone
		{AA3B6C81-1B5C-44F6-9490-8DCE30530F58}.Debug|iPhone.Build.0 = Debug|iPhone
		{AA3B6C81-1B5C-44F6-9490-8DCE30530F58}.Debug|iPhone.Deploy.0 = Debug|iPhone
		{AA3B6C81-1B5C-44F6-9490-8DCE30530F58}.Debug|iPhoneSimulator.ActiveCfg = Debug|iPhoneSimulator
		{AA3B6C81-1B5C-44F6-9490-8DCE30530F58}.Debug|iPhoneSimulator.Build.0 = Debug|iPhoneSimulator
		{AA3B6C81-1B5C-44F6-9490-8DCE30530F58}.Debug|iPhoneSimulator.Deploy.0 = Debug|iPhoneSimulator
		{AA3B6C81-1B5C-44F6-9490-8DCE30530F58}.Release|Any CPU.ActiveCfg = Release|iPhone
		{AA3B6C81-1B5C-44F6-9490-8DCE30530F58}.Release|Any CPU.Build.0 = Release|iPhone
		{AA3B6C81-1B5C-44F6-9490-8DCE30530F58}.Release|Any CPU.Deploy.0 = Release|iPhone
		{AA3B6C81-1B5C-44F6-9490-8DCE30530F58}.Release|iPhone.ActiveCfg = Release|iPhone
		{AA3B6C81-1B5C-44F6-9490-8DCE30530F58}.Release|iPhone.Build.0 = Release|iPhone
		{AA3B6C81-1B5C-44F6-9490-8DCE30530F58}.Release|iPhone.Deploy.0 = Release|iPhone
		{AA3B6C81-1B5C-44F6-9490-8DCE30530F58}.Release|iPhoneSimulator.ActiveCfg = Release|iPhoneSimulator
		{AA3B6C81-1B5C-44F6-9490-8DCE30530F58}.Release|iPhoneSimulator.Build.0 = Release|iPhoneSimulator
		{AA3B6C81-1B5C-44F6-9490-8DCE30530F58}.Release|iPhoneSimulator.Deploy.0 = Release|iPhoneSimulator
		{4EE05D78-372C-4504-A894-1EE1B6645C37}.Ad-Hoc|Any CPU.ActiveCfg = Release|Any CPU
		{4EE05D78-372C-4504-A894-1EE1B6645C37}.Ad-Hoc|Any CPU.Build.0 = Release|Any CPU
		{4EE05D78-372C-4504-A894-1EE1B6645C37}.Ad-Hoc|iPhone.ActiveCfg = Release|Any CPU
		{4EE05D78-372C-4504-A894-1EE1B6645C37}.Ad-Hoc|iPhone.Build.0 = Release|Any CPU
		{4EE05D78-372C-4504-A894-1EE1B6645C37}.Ad-Hoc|iPhoneSimulator.ActiveCfg = Release|Any CPU
		{4EE05D78-372C-4504-A894-1EE1B6645C37}.Ad-Hoc|iPhoneSimulator.Build.0 = Release|Any CPU
		{4EE05D78-372C-4504-A894-1EE1B6645C37}.AppStore|Any CPU.ActiveCfg = Release|Any CPU
		{4EE05D78-372C-4504-A894-1EE1B6645C37}.AppStore|Any CPU.Build.0 = Release|Any CPU
		{4EE05D78-372C-4504-A894-1EE1B6645C37}.AppStore|iPhone.ActiveCfg = Release|Any CPU
		{4EE05D78-372C-4504-A894-1EE1B6645C37}.AppStore|iPhone.Build.0 = Release|Any CPU
		{4EE05D78-372C-4504-A894-1EE1B6645C37}.AppStore|iPhoneSimulator.ActiveCfg = Release|Any CPU
		{4EE05D78-372C-4504-A894-1EE1B6645C37}.AppStore|iPhoneSimulator.Build.0 = Release|Any CPU
		{4EE05D78-372C-4504-A894-1EE1B6645C37}.Debug|Any CPU.ActiveCfg = Debug|Any CPU
		{4EE05D78-372C-4504-A894-1EE1B6645C37}.Debug|Any CPU.Build.0 = Debug|Any CPU
		{4EE05D78-372C-4504-A894-1EE1B6645C37}.Debug|iPhone.ActiveCfg = Debug|Any CPU
		{4EE05D78-372C-4504-A894-1EE1B6645C37}.Debug|iPhone.Build.0 = Debug|Any CPU
		{4EE05D78-372C-4504-A894-1EE1B6645C37}.Debug|iPhoneSimulator.ActiveCfg = Debug|Any CPU
		{4EE05D78-372C-4504-A894-1EE1B6645C37}.Debug|iPhoneSimulator.Build.0 = Debug|Any CPU
		{4EE05D78-372C-4504-A894-1EE1B6645C37}.Release|Any CPU.ActiveCfg = Release|Any CPU
		{4EE05D78-372C-4504-A894-1EE1B6645C37}.Release|Any CPU.Build.0 = Release|Any CPU
		{4EE05D78-372C-4504-A894-1EE1B6645C37}.Release|iPhone.ActiveCfg = Release|Any CPU
		{4EE05D78-372C-4504-A894-1EE1B6645C37}.Release|iPhone.Build.0 = Release|Any CPU
		{4EE05D78-372C-4504-A894-1EE1B6645C37}.Release|iPhoneSimulator.ActiveCfg = Release|Any CPU
		{4EE05D78-372C-4504-A894-1EE1B6645C37}.Release|iPhoneSimulator.Build.0 = Release|Any CPU
	EndGlobalSection
	GlobalSection(SolutionProperties) = preSolution
		HideSolutionNode = FALSE
	EndGlobalSection
EndGlobal
